// !$*UTF8*$!
{
	archiveVersion = 1;
	classes = {
	};
	objectVersion = 56;
	objects = {

/* Begin PBXBuildFile section */
		EC14E819298B07C900A6540C /* HomeView.swift in Sources */ = {isa = PBXBuildFile; fileRef = EC14E818298B07C900A6540C /* HomeView.swift */; };
		EC14E81B298B086E00A6540C /* MenuView.swift in Sources */ = {isa = PBXBuildFile; fileRef = EC14E81A298B086E00A6540C /* MenuView.swift */; };
		EC14E820298B0C3E00A6540C /* MenuItemView.swift in Sources */ = {isa = PBXBuildFile; fileRef = EC14E81F298B0C3E00A6540C /* MenuItemView.swift */; };
		EC14E823298C515E00A6540C /* Factory in Frameworks */ = {isa = PBXBuildFile; productRef = EC14E822298C515E00A6540C /* Factory */; };
		EC14E825298C516F00A6540C /* MenuRepository.swift in Sources */ = {isa = PBXBuildFile; fileRef = EC14E824298C516F00A6540C /* MenuRepository.swift */; };
		EC14E827298C527900A6540C /* MenuViewModel.swift in Sources */ = {isa = PBXBuildFile; fileRef = EC14E826298C527900A6540C /* MenuViewModel.swift */; };
		EC42551F29BE3F5400E5F41A /* GenericsModels in Frameworks */ = {isa = PBXBuildFile; productRef = EC42551E29BE3F5400E5F41A /* GenericsModels */; };
		EC63164E29C259FF00BF52E0 /* NewMenuItemViewModel.swift in Sources */ = {isa = PBXBuildFile; fileRef = EC63164D29C259FF00BF52E0 /* NewMenuItemViewModel.swift */; };
		EC6382CA29D61B98003A864E /* GenericsUI in Frameworks */ = {isa = PBXBuildFile; productRef = EC6382C929D61B98003A864E /* GenericsUI */; };
		EC6382CC29D6220C003A864E /* GenericsUI in Frameworks */ = {isa = PBXBuildFile; productRef = EC6382CB29D6220C003A864E /* GenericsUI */; };
		EC688C2029CA380E00450D2E /* GenericsHttp in Frameworks */ = {isa = PBXBuildFile; productRef = EC688C1F29CA380E00450D2E /* GenericsHttp */; };
		EC688C2329CA38D900450D2E /* CartView.swift in Sources */ = {isa = PBXBuildFile; fileRef = EC688C2229CA38D900450D2E /* CartView.swift */; };
		EC688C2529CA390B00450D2E /* OrderRepository.swift in Sources */ = {isa = PBXBuildFile; fileRef = EC688C2429CA390B00450D2E /* OrderRepository.swift */; };
		EC688C2729CA3C0100450D2E /* MenuItemDetailView.swift in Sources */ = {isa = PBXBuildFile; fileRef = EC688C2629CA3C0100450D2E /* MenuItemDetailView.swift */; };
		EC688C2929CA462E00450D2E /* CartViewModel.swift in Sources */ = {isa = PBXBuildFile; fileRef = EC688C2829CA462E00450D2E /* CartViewModel.swift */; };
		ECA5E7EF29BFC6A800D9E85F /* DashboardView.swift in Sources */ = {isa = PBXBuildFile; fileRef = ECA5E7EE29BFC6A800D9E85F /* DashboardView.swift */; };
		ECA5E7F129BFC6F300D9E85F /* MenuView.swift in Sources */ = {isa = PBXBuildFile; fileRef = ECA5E7F029BFC6F300D9E85F /* MenuView.swift */; };
		ECA5E7F329BFC71800D9E85F /* NowView.swift in Sources */ = {isa = PBXBuildFile; fileRef = ECA5E7F229BFC71800D9E85F /* NowView.swift */; };
		ECA5E7F929BFC8F600D9E85F /* GenericsModels in Frameworks */ = {isa = PBXBuildFile; productRef = ECA5E7F829BFC8F600D9E85F /* GenericsModels */; };
		ECA5E7FA29BFCC3200D9E85F /* AuthenticationRepository.swift in Sources */ = {isa = PBXBuildFile; fileRef = ECA92FBB299D657000F28299 /* AuthenticationRepository.swift */; };
		ECA5E7FB29BFCC3500D9E85F /* MenuRepository.swift in Sources */ = {isa = PBXBuildFile; fileRef = EC14E824298C516F00A6540C /* MenuRepository.swift */; };
		ECA5E7FC29C0F14900D9E85F /* MenuViewModel.swift in Sources */ = {isa = PBXBuildFile; fileRef = EC14E826298C527900A6540C /* MenuViewModel.swift */; };
		ECA5E7FE29C0FBE200D9E85F /* NewMenuItemView.swift in Sources */ = {isa = PBXBuildFile; fileRef = ECA5E7FD29C0FBE200D9E85F /* NewMenuItemView.swift */; };
		ECA92F8B299C2D7700F28299 /* GenericsRestaurantsApp.swift in Sources */ = {isa = PBXBuildFile; fileRef = ECA92F8A299C2D7700F28299 /* GenericsRestaurantsApp.swift */; };
		ECA92F8D299C2D7700F28299 /* ContentView.swift in Sources */ = {isa = PBXBuildFile; fileRef = ECA92F8C299C2D7700F28299 /* ContentView.swift */; };
		ECA92F8F299C2D7800F28299 /* Assets.xcassets in Resources */ = {isa = PBXBuildFile; fileRef = ECA92F8E299C2D7800F28299 /* Assets.xcassets */; };
		ECA92F93299C2D7900F28299 /* Preview Assets.xcassets in Resources */ = {isa = PBXBuildFile; fileRef = ECA92F92299C2D7900F28299 /* Preview Assets.xcassets */; };
		ECA92F9D299C2D7900F28299 /* GenericsRestaurantsTests.swift in Sources */ = {isa = PBXBuildFile; fileRef = ECA92F9C299C2D7900F28299 /* GenericsRestaurantsTests.swift */; };
		ECA92FA7299C2D7900F28299 /* GenericsRestaurantsUITests.swift in Sources */ = {isa = PBXBuildFile; fileRef = ECA92FA6299C2D7900F28299 /* GenericsRestaurantsUITests.swift */; };
		ECA92FA9299C2D7900F28299 /* GenericsRestaurantsUITestsLaunchTests.swift in Sources */ = {isa = PBXBuildFile; fileRef = ECA92FA8299C2D7900F28299 /* GenericsRestaurantsUITestsLaunchTests.swift */; };
		ECA92FB4299D640500F28299 /* LoginView.swift in Sources */ = {isa = PBXBuildFile; fileRef = ECA92FB3299D640500F28299 /* LoginView.swift */; };
		ECA92FB7299D64E600F28299 /* LoginViewModel.swift in Sources */ = {isa = PBXBuildFile; fileRef = ECA92FB6299D64E600F28299 /* LoginViewModel.swift */; };
		ECA92FBA299D652D00F28299 /* Factory in Frameworks */ = {isa = PBXBuildFile; productRef = ECA92FB9299D652D00F28299 /* Factory */; };
		ECA92FBC299D657000F28299 /* AuthenticationRepository.swift in Sources */ = {isa = PBXBuildFile; fileRef = ECA92FBB299D657000F28299 /* AuthenticationRepository.swift */; };
		ECA92FC1299D721900F28299 /* GenericsHttp in Frameworks */ = {isa = PBXBuildFile; productRef = ECA92FC0299D721900F28299 /* GenericsHttp */; };
		ECCE5BAE29D4AD50009AB280 /* OrderRestaurantRepository.swift in Sources */ = {isa = PBXBuildFile; fileRef = ECCE5BAD29D4AD50009AB280 /* OrderRestaurantRepository.swift */; };
		ECCE5BB029D4B09D009AB280 /* NowViewModel.swift in Sources */ = {isa = PBXBuildFile; fileRef = ECCE5BAF29D4B09D009AB280 /* NowViewModel.swift */; };
		ECD845A9298AE51D0036454C /* GenericsAppApp.swift in Sources */ = {isa = PBXBuildFile; fileRef = ECD845A8298AE51D0036454C /* GenericsAppApp.swift */; };
		ECD845AB298AE51D0036454C /* ContentView.swift in Sources */ = {isa = PBXBuildFile; fileRef = ECD845AA298AE51D0036454C /* ContentView.swift */; };
		ECD845AD298AE51E0036454C /* Assets.xcassets in Resources */ = {isa = PBXBuildFile; fileRef = ECD845AC298AE51E0036454C /* Assets.xcassets */; };
		ECD845B0298AE51E0036454C /* Preview Assets.xcassets in Resources */ = {isa = PBXBuildFile; fileRef = ECD845AF298AE51E0036454C /* Preview Assets.xcassets */; };
		ECD845BA298AE51E0036454C /* GenericsAppTests.swift in Sources */ = {isa = PBXBuildFile; fileRef = ECD845B9298AE51E0036454C /* GenericsAppTests.swift */; };
		ECD845C4298AE51E0036454C /* GenericsAppUITests.swift in Sources */ = {isa = PBXBuildFile; fileRef = ECD845C3298AE51E0036454C /* GenericsAppUITests.swift */; };
		ECD845C6298AE51E0036454C /* GenericsAppUITestsLaunchTests.swift in Sources */ = {isa = PBXBuildFile; fileRef = ECD845C5298AE51E0036454C /* GenericsAppUITestsLaunchTests.swift */; };
/* End PBXBuildFile section */

/* Begin PBXContainerItemProxy section */
		ECA92F99299C2D7900F28299 /* PBXContainerItemProxy */ = {
			isa = PBXContainerItemProxy;
			containerPortal = ECD8459D298AE51D0036454C /* Project object */;
			proxyType = 1;
			remoteGlobalIDString = ECA92F87299C2D7700F28299;
			remoteInfo = GenericsRestaurants;
		};
		ECA92FA3299C2D7900F28299 /* PBXContainerItemProxy */ = {
			isa = PBXContainerItemProxy;
			containerPortal = ECD8459D298AE51D0036454C /* Project object */;
			proxyType = 1;
			remoteGlobalIDString = ECA92F87299C2D7700F28299;
			remoteInfo = GenericsRestaurants;
		};
		ECD845B6298AE51E0036454C /* PBXContainerItemProxy */ = {
			isa = PBXContainerItemProxy;
			containerPortal = ECD8459D298AE51D0036454C /* Project object */;
			proxyType = 1;
			remoteGlobalIDString = ECD845A4298AE51D0036454C;
			remoteInfo = GenericsApp;
		};
		ECD845C0298AE51E0036454C /* PBXContainerItemProxy */ = {
			isa = PBXContainerItemProxy;
			containerPortal = ECD8459D298AE51D0036454C /* Project object */;
			proxyType = 1;
			remoteGlobalIDString = ECD845A4298AE51D0036454C;
			remoteInfo = GenericsApp;
		};
/* End PBXContainerItemProxy section */

/* Begin PBXFileReference section */
		EC14E818298B07C900A6540C /* HomeView.swift */ = {isa = PBXFileReference; lastKnownFileType = sourcecode.swift; path = HomeView.swift; sourceTree = "<group>"; };
		EC14E81A298B086E00A6540C /* MenuView.swift */ = {isa = PBXFileReference; lastKnownFileType = sourcecode.swift; path = MenuView.swift; sourceTree = "<group>"; };
		EC14E81F298B0C3E00A6540C /* MenuItemView.swift */ = {isa = PBXFileReference; lastKnownFileType = sourcecode.swift; path = MenuItemView.swift; sourceTree = "<group>"; };
		EC14E824298C516F00A6540C /* MenuRepository.swift */ = {isa = PBXFileReference; lastKnownFileType = sourcecode.swift; path = MenuRepository.swift; sourceTree = "<group>"; };
		EC14E826298C527900A6540C /* MenuViewModel.swift */ = {isa = PBXFileReference; lastKnownFileType = sourcecode.swift; path = MenuViewModel.swift; sourceTree = "<group>"; };
		EC611F33299432A30000427A /* Info.plist */ = {isa = PBXFileReference; lastKnownFileType = text.plist; path = Info.plist; sourceTree = "<group>"; };
		EC63164D29C259FF00BF52E0 /* NewMenuItemViewModel.swift */ = {isa = PBXFileReference; lastKnownFileType = sourcecode.swift; path = NewMenuItemViewModel.swift; sourceTree = "<group>"; };
		EC688C2229CA38D900450D2E /* CartView.swift */ = {isa = PBXFileReference; lastKnownFileType = sourcecode.swift; path = CartView.swift; sourceTree = "<group>"; };
		EC688C2429CA390B00450D2E /* OrderRepository.swift */ = {isa = PBXFileReference; lastKnownFileType = sourcecode.swift; path = OrderRepository.swift; sourceTree = "<group>"; };
		EC688C2629CA3C0100450D2E /* MenuItemDetailView.swift */ = {isa = PBXFileReference; lastKnownFileType = sourcecode.swift; path = MenuItemDetailView.swift; sourceTree = "<group>"; };
		EC688C2829CA462E00450D2E /* CartViewModel.swift */ = {isa = PBXFileReference; lastKnownFileType = sourcecode.swift; path = CartViewModel.swift; sourceTree = "<group>"; };
		ECA5E7EE29BFC6A800D9E85F /* DashboardView.swift */ = {isa = PBXFileReference; lastKnownFileType = sourcecode.swift; path = DashboardView.swift; sourceTree = "<group>"; };
		ECA5E7F029BFC6F300D9E85F /* MenuView.swift */ = {isa = PBXFileReference; lastKnownFileType = sourcecode.swift; path = MenuView.swift; sourceTree = "<group>"; };
		ECA5E7F229BFC71800D9E85F /* NowView.swift */ = {isa = PBXFileReference; lastKnownFileType = sourcecode.swift; path = NowView.swift; sourceTree = "<group>"; };
		ECA5E7FD29C0FBE200D9E85F /* NewMenuItemView.swift */ = {isa = PBXFileReference; lastKnownFileType = sourcecode.swift; path = NewMenuItemView.swift; sourceTree = "<group>"; };
		ECA92F88299C2D7700F28299 /* GenericsRestaurants.app */ = {isa = PBXFileReference; explicitFileType = wrapper.application; includeInIndex = 0; path = GenericsRestaurants.app; sourceTree = BUILT_PRODUCTS_DIR; };
		ECA92F8A299C2D7700F28299 /* GenericsRestaurantsApp.swift */ = {isa = PBXFileReference; lastKnownFileType = sourcecode.swift; path = GenericsRestaurantsApp.swift; sourceTree = "<group>"; };
		ECA92F8C299C2D7700F28299 /* ContentView.swift */ = {isa = PBXFileReference; lastKnownFileType = sourcecode.swift; path = ContentView.swift; sourceTree = "<group>"; };
		ECA92F8E299C2D7800F28299 /* Assets.xcassets */ = {isa = PBXFileReference; lastKnownFileType = folder.assetcatalog; path = Assets.xcassets; sourceTree = "<group>"; };
		ECA92F90299C2D7900F28299 /* GenericsRestaurants.entitlements */ = {isa = PBXFileReference; lastKnownFileType = text.plist.entitlements; path = GenericsRestaurants.entitlements; sourceTree = "<group>"; };
		ECA92F92299C2D7900F28299 /* Preview Assets.xcassets */ = {isa = PBXFileReference; lastKnownFileType = folder.assetcatalog; path = "Preview Assets.xcassets"; sourceTree = "<group>"; };
		ECA92F98299C2D7900F28299 /* GenericsRestaurantsTests.xctest */ = {isa = PBXFileReference; explicitFileType = wrapper.cfbundle; includeInIndex = 0; path = GenericsRestaurantsTests.xctest; sourceTree = BUILT_PRODUCTS_DIR; };
		ECA92F9C299C2D7900F28299 /* GenericsRestaurantsTests.swift */ = {isa = PBXFileReference; lastKnownFileType = sourcecode.swift; path = GenericsRestaurantsTests.swift; sourceTree = "<group>"; };
		ECA92FA2299C2D7900F28299 /* GenericsRestaurantsUITests.xctest */ = {isa = PBXFileReference; explicitFileType = wrapper.cfbundle; includeInIndex = 0; path = GenericsRestaurantsUITests.xctest; sourceTree = BUILT_PRODUCTS_DIR; };
		ECA92FA6299C2D7900F28299 /* GenericsRestaurantsUITests.swift */ = {isa = PBXFileReference; lastKnownFileType = sourcecode.swift; path = GenericsRestaurantsUITests.swift; sourceTree = "<group>"; };
		ECA92FA8299C2D7900F28299 /* GenericsRestaurantsUITestsLaunchTests.swift */ = {isa = PBXFileReference; lastKnownFileType = sourcecode.swift; path = GenericsRestaurantsUITestsLaunchTests.swift; sourceTree = "<group>"; };
		ECA92FB3299D640500F28299 /* LoginView.swift */ = {isa = PBXFileReference; lastKnownFileType = sourcecode.swift; path = LoginView.swift; sourceTree = "<group>"; };
		ECA92FB6299D64E600F28299 /* LoginViewModel.swift */ = {isa = PBXFileReference; lastKnownFileType = sourcecode.swift; path = LoginViewModel.swift; sourceTree = "<group>"; };
		ECA92FBB299D657000F28299 /* AuthenticationRepository.swift */ = {isa = PBXFileReference; lastKnownFileType = sourcecode.swift; path = AuthenticationRepository.swift; sourceTree = "<group>"; };
		ECA92FBD299D6D6400F28299 /* Info.plist */ = {isa = PBXFileReference; lastKnownFileType = text.plist; path = Info.plist; sourceTree = "<group>"; };
		ECA92FBF299D719000F28299 /* GenericsPackage */ = {isa = PBXFileReference; lastKnownFileType = wrapper; path = GenericsPackage; sourceTree = "<group>"; };
		ECCE5BAD29D4AD50009AB280 /* OrderRestaurantRepository.swift */ = {isa = PBXFileReference; lastKnownFileType = sourcecode.swift; path = OrderRestaurantRepository.swift; sourceTree = "<group>"; };
		ECCE5BAF29D4B09D009AB280 /* NowViewModel.swift */ = {isa = PBXFileReference; lastKnownFileType = sourcecode.swift; path = NowViewModel.swift; sourceTree = "<group>"; };
		ECD845A5298AE51D0036454C /* GenericsApp.app */ = {isa = PBXFileReference; explicitFileType = wrapper.application; includeInIndex = 0; path = GenericsApp.app; sourceTree = BUILT_PRODUCTS_DIR; };
		ECD845A8298AE51D0036454C /* GenericsAppApp.swift */ = {isa = PBXFileReference; lastKnownFileType = sourcecode.swift; path = GenericsAppApp.swift; sourceTree = "<group>"; };
		ECD845AA298AE51D0036454C /* ContentView.swift */ = {isa = PBXFileReference; lastKnownFileType = sourcecode.swift; path = ContentView.swift; sourceTree = "<group>"; };
		ECD845AC298AE51E0036454C /* Assets.xcassets */ = {isa = PBXFileReference; lastKnownFileType = folder.assetcatalog; path = Assets.xcassets; sourceTree = "<group>"; };
		ECD845AF298AE51E0036454C /* Preview Assets.xcassets */ = {isa = PBXFileReference; lastKnownFileType = folder.assetcatalog; path = "Preview Assets.xcassets"; sourceTree = "<group>"; };
		ECD845B5298AE51E0036454C /* GenericsAppTests.xctest */ = {isa = PBXFileReference; explicitFileType = wrapper.cfbundle; includeInIndex = 0; path = GenericsAppTests.xctest; sourceTree = BUILT_PRODUCTS_DIR; };
		ECD845B9298AE51E0036454C /* GenericsAppTests.swift */ = {isa = PBXFileReference; lastKnownFileType = sourcecode.swift; path = GenericsAppTests.swift; sourceTree = "<group>"; };
		ECD845BF298AE51E0036454C /* GenericsAppUITests.xctest */ = {isa = PBXFileReference; explicitFileType = wrapper.cfbundle; includeInIndex = 0; path = GenericsAppUITests.xctest; sourceTree = BUILT_PRODUCTS_DIR; };
		ECD845C3298AE51E0036454C /* GenericsAppUITests.swift */ = {isa = PBXFileReference; lastKnownFileType = sourcecode.swift; path = GenericsAppUITests.swift; sourceTree = "<group>"; };
		ECD845C5298AE51E0036454C /* GenericsAppUITestsLaunchTests.swift */ = {isa = PBXFileReference; lastKnownFileType = sourcecode.swift; path = GenericsAppUITestsLaunchTests.swift; sourceTree = "<group>"; };
/* End PBXFileReference section */

/* Begin PBXFrameworksBuildPhase section */
		ECA92F85299C2D7700F28299 /* Frameworks */ = {
			isa = PBXFrameworksBuildPhase;
			buildActionMask = 2147483647;
			files = (
				EC6382CC29D6220C003A864E /* GenericsUI in Frameworks */,
				ECA5E7F929BFC8F600D9E85F /* GenericsModels in Frameworks */,
				ECA92FC1299D721900F28299 /* GenericsHttp in Frameworks */,
				ECA92FBA299D652D00F28299 /* Factory in Frameworks */,
			);
			runOnlyForDeploymentPostprocessing = 0;
		};
		ECA92F95299C2D7900F28299 /* Frameworks */ = {
			isa = PBXFrameworksBuildPhase;
			buildActionMask = 2147483647;
			files = (
			);
			runOnlyForDeploymentPostprocessing = 0;
		};
		ECA92F9F299C2D7900F28299 /* Frameworks */ = {
			isa = PBXFrameworksBuildPhase;
			buildActionMask = 2147483647;
			files = (
			);
			runOnlyForDeploymentPostprocessing = 0;
		};
		ECD845A2298AE51D0036454C /* Frameworks */ = {
			isa = PBXFrameworksBuildPhase;
			buildActionMask = 2147483647;
			files = (
				EC6382CA29D61B98003A864E /* GenericsUI in Frameworks */,
				EC688C2029CA380E00450D2E /* GenericsHttp in Frameworks */,
				EC42551F29BE3F5400E5F41A /* GenericsModels in Frameworks */,
				EC14E823298C515E00A6540C /* Factory in Frameworks */,
			);
			runOnlyForDeploymentPostprocessing = 0;
		};
		ECD845B2298AE51E0036454C /* Frameworks */ = {
			isa = PBXFrameworksBuildPhase;
			buildActionMask = 2147483647;
			files = (
			);
			runOnlyForDeploymentPostprocessing = 0;
		};
		ECD845BC298AE51E0036454C /* Frameworks */ = {
			isa = PBXFrameworksBuildPhase;
			buildActionMask = 2147483647;
			files = (
			);
			runOnlyForDeploymentPostprocessing = 0;
		};
/* End PBXFrameworksBuildPhase section */

/* Begin PBXGroup section */
		EC14E81D298B0C1100A6540C /* Home */ = {
			isa = PBXGroup;
			children = (
				EC14E818298B07C900A6540C /* HomeView.swift */,
			);
			path = Home;
			sourceTree = "<group>";
		};
		EC14E81E298B0C1C00A6540C /* Menu */ = {
			isa = PBXGroup;
			children = (
				EC14E81A298B086E00A6540C /* MenuView.swift */,
				EC14E826298C527900A6540C /* MenuViewModel.swift */,
				EC14E81F298B0C3E00A6540C /* MenuItemView.swift */,
				EC688C2629CA3C0100450D2E /* MenuItemDetailView.swift */,
				EC14E824298C516F00A6540C /* MenuRepository.swift */,
			);
			path = Menu;
			sourceTree = "<group>";
		};
		EC63164C29C259E900BF52E0 /* NewMenuItem */ = {
			isa = PBXGroup;
			children = (
				ECA5E7FD29C0FBE200D9E85F /* NewMenuItemView.swift */,
				EC63164D29C259FF00BF52E0 /* NewMenuItemViewModel.swift */,
			);
			path = NewMenuItem;
			sourceTree = "<group>";
		};
		EC688C2129CA38C100450D2E /* Cart */ = {
			isa = PBXGroup;
			children = (
				EC688C2229CA38D900450D2E /* CartView.swift */,
				EC688C2829CA462E00450D2E /* CartViewModel.swift */,
				EC688C2429CA390B00450D2E /* OrderRepository.swift */,
			);
			path = Cart;
			sourceTree = "<group>";
		};
		ECA5E7F429BFC87400D9E85F /* Menu */ = {
			isa = PBXGroup;
			children = (
				EC63164C29C259E900BF52E0 /* NewMenuItem */,
				ECA5E7F029BFC6F300D9E85F /* MenuView.swift */,
			);
			path = Menu;
			sourceTree = "<group>";
		};
		ECA5E7F529BFC88300D9E85F /* Now */ = {
			isa = PBXGroup;
			children = (
				ECA5E7F229BFC71800D9E85F /* NowView.swift */,
				ECCE5BAF29D4B09D009AB280 /* NowViewModel.swift */,
				ECCE5BAD29D4AD50009AB280 /* OrderRestaurantRepository.swift */,
			);
			path = Now;
			sourceTree = "<group>";
		};
		ECA92F89299C2D7700F28299 /* GenericsRestaurants */ = {
			isa = PBXGroup;
			children = (
				ECA92F8A299C2D7700F28299 /* GenericsRestaurantsApp.swift */,
				ECA92F8C299C2D7700F28299 /* ContentView.swift */,
				ECA5E7EE29BFC6A800D9E85F /* DashboardView.swift */,
				ECA5E7F529BFC88300D9E85F /* Now */,
				ECA5E7F429BFC87400D9E85F /* Menu */,
				ECA92FB5299D646000F28299 /* Login */,
				ECA92F8E299C2D7800F28299 /* Assets.xcassets */,
				ECA92FBD299D6D6400F28299 /* Info.plist */,
				ECA92F90299C2D7900F28299 /* GenericsRestaurants.entitlements */,
				ECA92F91299C2D7900F28299 /* Preview Content */,
			);
			path = GenericsRestaurants;
			sourceTree = "<group>";
		};
		ECA92F91299C2D7900F28299 /* Preview Content */ = {
			isa = PBXGroup;
			children = (
				ECA92F92299C2D7900F28299 /* Preview Assets.xcassets */,
			);
			path = "Preview Content";
			sourceTree = "<group>";
		};
		ECA92F9B299C2D7900F28299 /* GenericsRestaurantsTests */ = {
			isa = PBXGroup;
			children = (
				ECA92F9C299C2D7900F28299 /* GenericsRestaurantsTests.swift */,
			);
			path = GenericsRestaurantsTests;
			sourceTree = "<group>";
		};
		ECA92FA5299C2D7900F28299 /* GenericsRestaurantsUITests */ = {
			isa = PBXGroup;
			children = (
				ECA92FA6299C2D7900F28299 /* GenericsRestaurantsUITests.swift */,
				ECA92FA8299C2D7900F28299 /* GenericsRestaurantsUITestsLaunchTests.swift */,
			);
			path = GenericsRestaurantsUITests;
			sourceTree = "<group>";
		};
		ECA92FB5299D646000F28299 /* Login */ = {
			isa = PBXGroup;
			children = (
				ECA92FB3299D640500F28299 /* LoginView.swift */,
				ECA92FB6299D64E600F28299 /* LoginViewModel.swift */,
				ECA92FBB299D657000F28299 /* AuthenticationRepository.swift */,
			);
			path = Login;
			sourceTree = "<group>";
		};
		ECA92FB8299D652D00F28299 /* Frameworks */ = {
			isa = PBXGroup;
			children = (
			);
			name = Frameworks;
			sourceTree = "<group>";
		};
		ECD8459C298AE51D0036454C = {
			isa = PBXGroup;
			children = (
				ECA92FBF299D719000F28299 /* GenericsPackage */,
				ECD845A7298AE51D0036454C /* GenericsApp */,
				ECD845B8298AE51E0036454C /* GenericsAppTests */,
				ECD845C2298AE51E0036454C /* GenericsAppUITests */,
				ECA92F89299C2D7700F28299 /* GenericsRestaurants */,
				ECA92F9B299C2D7900F28299 /* GenericsRestaurantsTests */,
				ECA92FA5299C2D7900F28299 /* GenericsRestaurantsUITests */,
				ECD845A6298AE51D0036454C /* Products */,
				ECA92FB8299D652D00F28299 /* Frameworks */,
			);
			sourceTree = "<group>";
		};
		ECD845A6298AE51D0036454C /* Products */ = {
			isa = PBXGroup;
			children = (
				ECD845A5298AE51D0036454C /* GenericsApp.app */,
				ECD845B5298AE51E0036454C /* GenericsAppTests.xctest */,
				ECD845BF298AE51E0036454C /* GenericsAppUITests.xctest */,
				ECA92F88299C2D7700F28299 /* GenericsRestaurants.app */,
				ECA92F98299C2D7900F28299 /* GenericsRestaurantsTests.xctest */,
				ECA92FA2299C2D7900F28299 /* GenericsRestaurantsUITests.xctest */,
			);
			name = Products;
			sourceTree = "<group>";
		};
		ECD845A7298AE51D0036454C /* GenericsApp */ = {
			isa = PBXGroup;
			children = (
				ECD845A8298AE51D0036454C /* GenericsAppApp.swift */,
				ECD845AA298AE51D0036454C /* ContentView.swift */,
				EC14E81D298B0C1100A6540C /* Home */,
				EC14E81E298B0C1C00A6540C /* Menu */,
				EC688C2129CA38C100450D2E /* Cart */,
				ECD845AC298AE51E0036454C /* Assets.xcassets */,
				EC611F33299432A30000427A /* Info.plist */,
				ECD845AE298AE51E0036454C /* Preview Content */,
			);
			path = GenericsApp;
			sourceTree = "<group>";
		};
		ECD845AE298AE51E0036454C /* Preview Content */ = {
			isa = PBXGroup;
			children = (
				ECD845AF298AE51E0036454C /* Preview Assets.xcassets */,
			);
			path = "Preview Content";
			sourceTree = "<group>";
		};
		ECD845B8298AE51E0036454C /* GenericsAppTests */ = {
			isa = PBXGroup;
			children = (
				ECD845B9298AE51E0036454C /* GenericsAppTests.swift */,
			);
			path = GenericsAppTests;
			sourceTree = "<group>";
		};
		ECD845C2298AE51E0036454C /* GenericsAppUITests */ = {
			isa = PBXGroup;
			children = (
				ECD845C3298AE51E0036454C /* GenericsAppUITests.swift */,
				ECD845C5298AE51E0036454C /* GenericsAppUITestsLaunchTests.swift */,
			);
			path = GenericsAppUITests;
			sourceTree = "<group>";
		};
/* End PBXGroup section */

/* Begin PBXNativeTarget section */
		ECA92F87299C2D7700F28299 /* GenericsRestaurants */ = {
			isa = PBXNativeTarget;
			buildConfigurationList = ECA92FAA299C2D7900F28299 /* Build configuration list for PBXNativeTarget "GenericsRestaurants" */;
			buildPhases = (
				ECA92F84299C2D7700F28299 /* Sources */,
				ECA92F85299C2D7700F28299 /* Frameworks */,
				ECA92F86299C2D7700F28299 /* Resources */,
			);
			buildRules = (
			);
			dependencies = (
			);
			name = GenericsRestaurants;
			packageProductDependencies = (
				ECA92FB9299D652D00F28299 /* Factory */,
				ECA92FC0299D721900F28299 /* GenericsHttp */,
				ECA5E7F829BFC8F600D9E85F /* GenericsModels */,
				EC6382CB29D6220C003A864E /* GenericsUI */,
			);
			productName = GenericsRestaurants;
			productReference = ECA92F88299C2D7700F28299 /* GenericsRestaurants.app */;
			productType = "com.apple.product-type.application";
		};
		ECA92F97299C2D7900F28299 /* GenericsRestaurantsTests */ = {
			isa = PBXNativeTarget;
			buildConfigurationList = ECA92FAD299C2D7900F28299 /* Build configuration list for PBXNativeTarget "GenericsRestaurantsTests" */;
			buildPhases = (
				ECA92F94299C2D7900F28299 /* Sources */,
				ECA92F95299C2D7900F28299 /* Frameworks */,
				ECA92F96299C2D7900F28299 /* Resources */,
			);
			buildRules = (
			);
			dependencies = (
				ECA92F9A299C2D7900F28299 /* PBXTargetDependency */,
			);
			name = GenericsRestaurantsTests;
			productName = GenericsRestaurantsTests;
			productReference = ECA92F98299C2D7900F28299 /* GenericsRestaurantsTests.xctest */;
			productType = "com.apple.product-type.bundle.unit-test";
		};
		ECA92FA1299C2D7900F28299 /* GenericsRestaurantsUITests */ = {
			isa = PBXNativeTarget;
			buildConfigurationList = ECA92FB0299C2D7900F28299 /* Build configuration list for PBXNativeTarget "GenericsRestaurantsUITests" */;
			buildPhases = (
				ECA92F9E299C2D7900F28299 /* Sources */,
				ECA92F9F299C2D7900F28299 /* Frameworks */,
				ECA92FA0299C2D7900F28299 /* Resources */,
			);
			buildRules = (
			);
			dependencies = (
				ECA92FA4299C2D7900F28299 /* PBXTargetDependency */,
			);
			name = GenericsRestaurantsUITests;
			productName = GenericsRestaurantsUITests;
			productReference = ECA92FA2299C2D7900F28299 /* GenericsRestaurantsUITests.xctest */;
			productType = "com.apple.product-type.bundle.ui-testing";
		};
		ECD845A4298AE51D0036454C /* GenericsApp */ = {
			isa = PBXNativeTarget;
			buildConfigurationList = ECD845C9298AE51E0036454C /* Build configuration list for PBXNativeTarget "GenericsApp" */;
			buildPhases = (
				ECD845A1298AE51D0036454C /* Sources */,
				ECD845A2298AE51D0036454C /* Frameworks */,
				ECD845A3298AE51D0036454C /* Resources */,
			);
			buildRules = (
			);
			dependencies = (
			);
			name = GenericsApp;
			packageProductDependencies = (
				EC14E822298C515E00A6540C /* Factory */,
				EC42551E29BE3F5400E5F41A /* GenericsModels */,
				EC688C1F29CA380E00450D2E /* GenericsHttp */,
				EC6382C929D61B98003A864E /* GenericsUI */,
			);
			productName = GenericsApp;
			productReference = ECD845A5298AE51D0036454C /* GenericsApp.app */;
			productType = "com.apple.product-type.application";
		};
		ECD845B4298AE51E0036454C /* GenericsAppTests */ = {
			isa = PBXNativeTarget;
			buildConfigurationList = ECD845CC298AE51E0036454C /* Build configuration list for PBXNativeTarget "GenericsAppTests" */;
			buildPhases = (
				ECD845B1298AE51E0036454C /* Sources */,
				ECD845B2298AE51E0036454C /* Frameworks */,
				ECD845B3298AE51E0036454C /* Resources */,
			);
			buildRules = (
			);
			dependencies = (
				ECD845B7298AE51E0036454C /* PBXTargetDependency */,
			);
			name = GenericsAppTests;
			productName = GenericsAppTests;
			productReference = ECD845B5298AE51E0036454C /* GenericsAppTests.xctest */;
			productType = "com.apple.product-type.bundle.unit-test";
		};
		ECD845BE298AE51E0036454C /* GenericsAppUITests */ = {
			isa = PBXNativeTarget;
			buildConfigurationList = ECD845CF298AE51E0036454C /* Build configuration list for PBXNativeTarget "GenericsAppUITests" */;
			buildPhases = (
				ECD845BB298AE51E0036454C /* Sources */,
				ECD845BC298AE51E0036454C /* Frameworks */,
				ECD845BD298AE51E0036454C /* Resources */,
			);
			buildRules = (
			);
			dependencies = (
				ECD845C1298AE51E0036454C /* PBXTargetDependency */,
			);
			name = GenericsAppUITests;
			productName = GenericsAppUITests;
			productReference = ECD845BF298AE51E0036454C /* GenericsAppUITests.xctest */;
			productType = "com.apple.product-type.bundle.ui-testing";
		};
/* End PBXNativeTarget section */

/* Begin PBXProject section */
		ECD8459D298AE51D0036454C /* Project object */ = {
			isa = PBXProject;
			attributes = {
				BuildIndependentTargetsInParallel = 1;
				LastSwiftUpdateCheck = 1410;
				LastUpgradeCheck = 1410;
				TargetAttributes = {
					ECA92F87299C2D7700F28299 = {
						CreatedOnToolsVersion = 14.1;
					};
					ECA92F97299C2D7900F28299 = {
						CreatedOnToolsVersion = 14.1;
						TestTargetID = ECA92F87299C2D7700F28299;
					};
					ECA92FA1299C2D7900F28299 = {
						CreatedOnToolsVersion = 14.1;
						TestTargetID = ECA92F87299C2D7700F28299;
					};
					ECD845A4298AE51D0036454C = {
						CreatedOnToolsVersion = 14.1;
					};
					ECD845B4298AE51E0036454C = {
						CreatedOnToolsVersion = 14.1;
						TestTargetID = ECD845A4298AE51D0036454C;
					};
					ECD845BE298AE51E0036454C = {
						CreatedOnToolsVersion = 14.1;
						TestTargetID = ECD845A4298AE51D0036454C;
					};
				};
			};
			buildConfigurationList = ECD845A0298AE51D0036454C /* Build configuration list for PBXProject "GenericsApp" */;
			compatibilityVersion = "Xcode 14.0";
			developmentRegion = en;
			hasScannedForEncodings = 0;
			knownRegions = (
				en,
				Base,
			);
			mainGroup = ECD8459C298AE51D0036454C;
			packageReferences = (
				EC14E821298C515E00A6540C /* XCRemoteSwiftPackageReference "Factory" */,
			);
			productRefGroup = ECD845A6298AE51D0036454C /* Products */;
			projectDirPath = "";
			projectRoot = "";
			targets = (
				ECD845A4298AE51D0036454C /* GenericsApp */,
				ECD845B4298AE51E0036454C /* GenericsAppTests */,
				ECD845BE298AE51E0036454C /* GenericsAppUITests */,
				ECA92F87299C2D7700F28299 /* GenericsRestaurants */,
				ECA92F97299C2D7900F28299 /* GenericsRestaurantsTests */,
				ECA92FA1299C2D7900F28299 /* GenericsRestaurantsUITests */,
			);
		};
/* End PBXProject section */

/* Begin PBXResourcesBuildPhase section */
		ECA92F86299C2D7700F28299 /* Resources */ = {
			isa = PBXResourcesBuildPhase;
			buildActionMask = 2147483647;
			files = (
				ECA92F93299C2D7900F28299 /* Preview Assets.xcassets in Resources */,
				ECA92F8F299C2D7800F28299 /* Assets.xcassets in Resources */,
			);
			runOnlyForDeploymentPostprocessing = 0;
		};
		ECA92F96299C2D7900F28299 /* Resources */ = {
			isa = PBXResourcesBuildPhase;
			buildActionMask = 2147483647;
			files = (
			);
			runOnlyForDeploymentPostprocessing = 0;
		};
		ECA92FA0299C2D7900F28299 /* Resources */ = {
			isa = PBXResourcesBuildPhase;
			buildActionMask = 2147483647;
			files = (
			);
			runOnlyForDeploymentPostprocessing = 0;
		};
		ECD845A3298AE51D0036454C /* Resources */ = {
			isa = PBXResourcesBuildPhase;
			buildActionMask = 2147483647;
			files = (
				ECD845B0298AE51E0036454C /* Preview Assets.xcassets in Resources */,
				ECD845AD298AE51E0036454C /* Assets.xcassets in Resources */,
			);
			runOnlyForDeploymentPostprocessing = 0;
		};
		ECD845B3298AE51E0036454C /* Resources */ = {
			isa = PBXResourcesBuildPhase;
			buildActionMask = 2147483647;
			files = (
			);
			runOnlyForDeploymentPostprocessing = 0;
		};
		ECD845BD298AE51E0036454C /* Resources */ = {
			isa = PBXResourcesBuildPhase;
			buildActionMask = 2147483647;
			files = (
			);
			runOnlyForDeploymentPostprocessing = 0;
		};
/* End PBXResourcesBuildPhase section */

/* Begin PBXSourcesBuildPhase section */
		ECA92F84299C2D7700F28299 /* Sources */ = {
			isa = PBXSourcesBuildPhase;
			buildActionMask = 2147483647;
			files = (
				ECA5E7F129BFC6F300D9E85F /* MenuView.swift in Sources */,
				ECA92FB7299D64E600F28299 /* LoginViewModel.swift in Sources */,
				ECA5E7FB29BFCC3500D9E85F /* MenuRepository.swift in Sources */,
				EC63164E29C259FF00BF52E0 /* NewMenuItemViewModel.swift in Sources */,
				ECA5E7FC29C0F14900D9E85F /* MenuViewModel.swift in Sources */,
				ECA5E7FE29C0FBE200D9E85F /* NewMenuItemView.swift in Sources */,
				ECA5E7EF29BFC6A800D9E85F /* DashboardView.swift in Sources */,
				ECA92FB4299D640500F28299 /* LoginView.swift in Sources */,
				ECA92F8D299C2D7700F28299 /* ContentView.swift in Sources */,
				ECCE5BB029D4B09D009AB280 /* NowViewModel.swift in Sources */,
				ECA92FBC299D657000F28299 /* AuthenticationRepository.swift in Sources */,
				ECCE5BAE29D4AD50009AB280 /* OrderRestaurantRepository.swift in Sources */,
				ECA92F8B299C2D7700F28299 /* GenericsRestaurantsApp.swift in Sources */,
				ECA5E7F329BFC71800D9E85F /* NowView.swift in Sources */,
			);
			runOnlyForDeploymentPostprocessing = 0;
		};
		ECA92F94299C2D7900F28299 /* Sources */ = {
			isa = PBXSourcesBuildPhase;
			buildActionMask = 2147483647;
			files = (
				ECA92F9D299C2D7900F28299 /* GenericsRestaurantsTests.swift in Sources */,
			);
			runOnlyForDeploymentPostprocessing = 0;
		};
		ECA92F9E299C2D7900F28299 /* Sources */ = {
			isa = PBXSourcesBuildPhase;
			buildActionMask = 2147483647;
			files = (
				ECA92FA7299C2D7900F28299 /* GenericsRestaurantsUITests.swift in Sources */,
				ECA92FA9299C2D7900F28299 /* GenericsRestaurantsUITestsLaunchTests.swift in Sources */,
			);
			runOnlyForDeploymentPostprocessing = 0;
		};
		ECD845A1298AE51D0036454C /* Sources */ = {
			isa = PBXSourcesBuildPhase;
			buildActionMask = 2147483647;
			files = (
				EC688C2929CA462E00450D2E /* CartViewModel.swift in Sources */,
				EC688C2329CA38D900450D2E /* CartView.swift in Sources */,
				EC14E81B298B086E00A6540C /* MenuView.swift in Sources */,
				EC688C2529CA390B00450D2E /* OrderRepository.swift in Sources */,
				ECA5E7FA29BFCC3200D9E85F /* AuthenticationRepository.swift in Sources */,
				ECD845AB298AE51D0036454C /* ContentView.swift in Sources */,
				EC14E825298C516F00A6540C /* MenuRepository.swift in Sources */,
				EC14E819298B07C900A6540C /* HomeView.swift in Sources */,
				EC688C2729CA3C0100450D2E /* MenuItemDetailView.swift in Sources */,
				EC14E820298B0C3E00A6540C /* MenuItemView.swift in Sources */,
				ECD845A9298AE51D0036454C /* GenericsAppApp.swift in Sources */,
				EC14E827298C527900A6540C /* MenuViewModel.swift in Sources */,
			);
			runOnlyForDeploymentPostprocessing = 0;
		};
		ECD845B1298AE51E0036454C /* Sources */ = {
			isa = PBXSourcesBuildPhase;
			buildActionMask = 2147483647;
			files = (
				ECD845BA298AE51E0036454C /* GenericsAppTests.swift in Sources */,
			);
			runOnlyForDeploymentPostprocessing = 0;
		};
		ECD845BB298AE51E0036454C /* Sources */ = {
			isa = PBXSourcesBuildPhase;
			buildActionMask = 2147483647;
			files = (
				ECD845C6298AE51E0036454C /* GenericsAppUITestsLaunchTests.swift in Sources */,
				ECD845C4298AE51E0036454C /* GenericsAppUITests.swift in Sources */,
			);
			runOnlyForDeploymentPostprocessing = 0;
		};
/* End PBXSourcesBuildPhase section */

/* Begin PBXTargetDependency section */
		ECA92F9A299C2D7900F28299 /* PBXTargetDependency */ = {
			isa = PBXTargetDependency;
			target = ECA92F87299C2D7700F28299 /* GenericsRestaurants */;
			targetProxy = ECA92F99299C2D7900F28299 /* PBXContainerItemProxy */;
		};
		ECA92FA4299C2D7900F28299 /* PBXTargetDependency */ = {
			isa = PBXTargetDependency;
			target = ECA92F87299C2D7700F28299 /* GenericsRestaurants */;
			targetProxy = ECA92FA3299C2D7900F28299 /* PBXContainerItemProxy */;
		};
		ECD845B7298AE51E0036454C /* PBXTargetDependency */ = {
			isa = PBXTargetDependency;
			target = ECD845A4298AE51D0036454C /* GenericsApp */;
			targetProxy = ECD845B6298AE51E0036454C /* PBXContainerItemProxy */;
		};
		ECD845C1298AE51E0036454C /* PBXTargetDependency */ = {
			isa = PBXTargetDependency;
			target = ECD845A4298AE51D0036454C /* GenericsApp */;
			targetProxy = ECD845C0298AE51E0036454C /* PBXContainerItemProxy */;
		};
/* End PBXTargetDependency section */

/* Begin XCBuildConfiguration section */
		ECA92FAB299C2D7900F28299 /* Debug */ = {
			isa = XCBuildConfiguration;
			buildSettings = {
				ASSETCATALOG_COMPILER_APPICON_NAME = AppIcon;
				ASSETCATALOG_COMPILER_GLOBAL_ACCENT_COLOR_NAME = AccentColor;
				CODE_SIGN_ENTITLEMENTS = GenericsRestaurants/GenericsRestaurants.entitlements;
				CODE_SIGN_STYLE = Automatic;
				CURRENT_PROJECT_VERSION = 1;
				DEVELOPMENT_ASSET_PATHS = "\"GenericsRestaurants/Preview Content\"";
				DEVELOPMENT_TEAM = 4S3J7NRC9R;
				ENABLE_HARDENED_RUNTIME = YES;
				ENABLE_PREVIEWS = YES;
				GENERATE_INFOPLIST_FILE = YES;
				INFOPLIST_FILE = GenericsRestaurants/Info.plist;
				INFOPLIST_KEY_LSApplicationCategoryType = "";
				"INFOPLIST_KEY_UIApplicationSceneManifest_Generation[sdk=iphoneos*]" = YES;
				"INFOPLIST_KEY_UIApplicationSceneManifest_Generation[sdk=iphonesimulator*]" = YES;
				"INFOPLIST_KEY_UIApplicationSupportsIndirectInputEvents[sdk=iphoneos*]" = YES;
				"INFOPLIST_KEY_UIApplicationSupportsIndirectInputEvents[sdk=iphonesimulator*]" = YES;
				"INFOPLIST_KEY_UILaunchScreen_Generation[sdk=iphoneos*]" = YES;
				"INFOPLIST_KEY_UILaunchScreen_Generation[sdk=iphonesimulator*]" = YES;
				"INFOPLIST_KEY_UIStatusBarStyle[sdk=iphoneos*]" = UIStatusBarStyleDefault;
				"INFOPLIST_KEY_UIStatusBarStyle[sdk=iphonesimulator*]" = UIStatusBarStyleDefault;
				INFOPLIST_KEY_UISupportedInterfaceOrientations_iPad = "UIInterfaceOrientationPortrait UIInterfaceOrientationPortraitUpsideDown UIInterfaceOrientationLandscapeLeft UIInterfaceOrientationLandscapeRight";
				INFOPLIST_KEY_UISupportedInterfaceOrientations_iPhone = "UIInterfaceOrientationPortrait UIInterfaceOrientationLandscapeLeft UIInterfaceOrientationLandscapeRight";
				IPHONEOS_DEPLOYMENT_TARGET = 16.0;
				LD_RUNPATH_SEARCH_PATHS = "@executable_path/Frameworks";
				"LD_RUNPATH_SEARCH_PATHS[sdk=macosx*]" = "@executable_path/../Frameworks";
				MACOSX_DEPLOYMENT_TARGET = 13.0;
				MARKETING_VERSION = 1.0;
				PRODUCT_BUNDLE_IDENTIFIER = com.roya1v.GenericsRestaurants;
				PRODUCT_NAME = "$(TARGET_NAME)";
				SDKROOT = auto;
				SUPPORTED_PLATFORMS = "iphoneos iphonesimulator macosx";
				SUPPORTS_MACCATALYST = NO;
				SUPPORTS_MAC_DESIGNED_FOR_IPHONE_IPAD = NO;
				SWIFT_EMIT_LOC_STRINGS = YES;
				SWIFT_VERSION = 5.0;
				TARGETED_DEVICE_FAMILY = 2;
			};
			name = Debug;
		};
		ECA92FAC299C2D7900F28299 /* Release */ = {
			isa = XCBuildConfiguration;
			buildSettings = {
				ASSETCATALOG_COMPILER_APPICON_NAME = AppIcon;
				ASSETCATALOG_COMPILER_GLOBAL_ACCENT_COLOR_NAME = AccentColor;
				CODE_SIGN_ENTITLEMENTS = GenericsRestaurants/GenericsRestaurants.entitlements;
				CODE_SIGN_STYLE = Automatic;
				CURRENT_PROJECT_VERSION = 1;
				DEVELOPMENT_ASSET_PATHS = "\"GenericsRestaurants/Preview Content\"";
				DEVELOPMENT_TEAM = 4S3J7NRC9R;
				ENABLE_HARDENED_RUNTIME = YES;
				ENABLE_PREVIEWS = YES;
				GENERATE_INFOPLIST_FILE = YES;
				INFOPLIST_FILE = GenericsRestaurants/Info.plist;
				INFOPLIST_KEY_LSApplicationCategoryType = "";
				"INFOPLIST_KEY_UIApplicationSceneManifest_Generation[sdk=iphoneos*]" = YES;
				"INFOPLIST_KEY_UIApplicationSceneManifest_Generation[sdk=iphonesimulator*]" = YES;
				"INFOPLIST_KEY_UIApplicationSupportsIndirectInputEvents[sdk=iphoneos*]" = YES;
				"INFOPLIST_KEY_UIApplicationSupportsIndirectInputEvents[sdk=iphonesimulator*]" = YES;
				"INFOPLIST_KEY_UILaunchScreen_Generation[sdk=iphoneos*]" = YES;
				"INFOPLIST_KEY_UILaunchScreen_Generation[sdk=iphonesimulator*]" = YES;
				"INFOPLIST_KEY_UIStatusBarStyle[sdk=iphoneos*]" = UIStatusBarStyleDefault;
				"INFOPLIST_KEY_UIStatusBarStyle[sdk=iphonesimulator*]" = UIStatusBarStyleDefault;
				INFOPLIST_KEY_UISupportedInterfaceOrientations_iPad = "UIInterfaceOrientationPortrait UIInterfaceOrientationPortraitUpsideDown UIInterfaceOrientationLandscapeLeft UIInterfaceOrientationLandscapeRight";
				INFOPLIST_KEY_UISupportedInterfaceOrientations_iPhone = "UIInterfaceOrientationPortrait UIInterfaceOrientationLandscapeLeft UIInterfaceOrientationLandscapeRight";
				IPHONEOS_DEPLOYMENT_TARGET = 16.0;
				LD_RUNPATH_SEARCH_PATHS = "@executable_path/Frameworks";
				"LD_RUNPATH_SEARCH_PATHS[sdk=macosx*]" = "@executable_path/../Frameworks";
				MACOSX_DEPLOYMENT_TARGET = 13.0;
				MARKETING_VERSION = 1.0;
				PRODUCT_BUNDLE_IDENTIFIER = com.roya1v.GenericsRestaurants;
				PRODUCT_NAME = "$(TARGET_NAME)";
				SDKROOT = auto;
				SUPPORTED_PLATFORMS = "iphoneos iphonesimulator macosx";
				SUPPORTS_MACCATALYST = NO;
				SUPPORTS_MAC_DESIGNED_FOR_IPHONE_IPAD = NO;
				SWIFT_EMIT_LOC_STRINGS = YES;
				SWIFT_VERSION = 5.0;
				TARGETED_DEVICE_FAMILY = 2;
			};
			name = Release;
		};
		ECA92FAE299C2D7900F28299 /* Debug */ = {
			isa = XCBuildConfiguration;
			buildSettings = {
				ALWAYS_EMBED_SWIFT_STANDARD_LIBRARIES = YES;
				BUNDLE_LOADER = "$(TEST_HOST)";
				CODE_SIGN_STYLE = Automatic;
				CURRENT_PROJECT_VERSION = 1;
				DEVELOPMENT_TEAM = 4S3J7NRC9R;
				GENERATE_INFOPLIST_FILE = YES;
				IPHONEOS_DEPLOYMENT_TARGET = 16.1;
				MACOSX_DEPLOYMENT_TARGET = 13.0;
				MARKETING_VERSION = 1.0;
				PRODUCT_BUNDLE_IDENTIFIER = com.roya1v.GenericsRestaurantsTests;
				PRODUCT_NAME = "$(TARGET_NAME)";
				SDKROOT = auto;
				SUPPORTED_PLATFORMS = "iphoneos iphonesimulator macosx";
				SWIFT_EMIT_LOC_STRINGS = NO;
				SWIFT_VERSION = 5.0;
				TARGETED_DEVICE_FAMILY = "1,2";
				TEST_HOST = "$(BUILT_PRODUCTS_DIR)/GenericsRestaurants.app/$(BUNDLE_EXECUTABLE_FOLDER_PATH)/GenericsRestaurants";
			};
			name = Debug;
		};
		ECA92FAF299C2D7900F28299 /* Release */ = {
			isa = XCBuildConfiguration;
			buildSettings = {
				ALWAYS_EMBED_SWIFT_STANDARD_LIBRARIES = YES;
				BUNDLE_LOADER = "$(TEST_HOST)";
				CODE_SIGN_STYLE = Automatic;
				CURRENT_PROJECT_VERSION = 1;
				DEVELOPMENT_TEAM = 4S3J7NRC9R;
				GENERATE_INFOPLIST_FILE = YES;
				IPHONEOS_DEPLOYMENT_TARGET = 16.1;
				MACOSX_DEPLOYMENT_TARGET = 13.0;
				MARKETING_VERSION = 1.0;
				PRODUCT_BUNDLE_IDENTIFIER = com.roya1v.GenericsRestaurantsTests;
				PRODUCT_NAME = "$(TARGET_NAME)";
				SDKROOT = auto;
				SUPPORTED_PLATFORMS = "iphoneos iphonesimulator macosx";
				SWIFT_EMIT_LOC_STRINGS = NO;
				SWIFT_VERSION = 5.0;
				TARGETED_DEVICE_FAMILY = "1,2";
				TEST_HOST = "$(BUILT_PRODUCTS_DIR)/GenericsRestaurants.app/$(BUNDLE_EXECUTABLE_FOLDER_PATH)/GenericsRestaurants";
			};
			name = Release;
		};
		ECA92FB1299C2D7900F28299 /* Debug */ = {
			isa = XCBuildConfiguration;
			buildSettings = {
				ALWAYS_EMBED_SWIFT_STANDARD_LIBRARIES = YES;
				CODE_SIGN_STYLE = Automatic;
				CURRENT_PROJECT_VERSION = 1;
				DEVELOPMENT_TEAM = 4S3J7NRC9R;
				GENERATE_INFOPLIST_FILE = YES;
				IPHONEOS_DEPLOYMENT_TARGET = 16.1;
				MACOSX_DEPLOYMENT_TARGET = 13.0;
				MARKETING_VERSION = 1.0;
				PRODUCT_BUNDLE_IDENTIFIER = com.roya1v.GenericsRestaurantsUITests;
				PRODUCT_NAME = "$(TARGET_NAME)";
				SDKROOT = auto;
				SUPPORTED_PLATFORMS = "iphoneos iphonesimulator macosx";
				SWIFT_EMIT_LOC_STRINGS = NO;
				SWIFT_VERSION = 5.0;
				TARGETED_DEVICE_FAMILY = "1,2";
				TEST_TARGET_NAME = GenericsRestaurants;
			};
			name = Debug;
		};
		ECA92FB2299C2D7900F28299 /* Release */ = {
			isa = XCBuildConfiguration;
			buildSettings = {
				ALWAYS_EMBED_SWIFT_STANDARD_LIBRARIES = YES;
				CODE_SIGN_STYLE = Automatic;
				CURRENT_PROJECT_VERSION = 1;
				DEVELOPMENT_TEAM = 4S3J7NRC9R;
				GENERATE_INFOPLIST_FILE = YES;
				IPHONEOS_DEPLOYMENT_TARGET = 16.1;
				MACOSX_DEPLOYMENT_TARGET = 13.0;
				MARKETING_VERSION = 1.0;
				PRODUCT_BUNDLE_IDENTIFIER = com.roya1v.GenericsRestaurantsUITests;
				PRODUCT_NAME = "$(TARGET_NAME)";
				SDKROOT = auto;
				SUPPORTED_PLATFORMS = "iphoneos iphonesimulator macosx";
				SWIFT_EMIT_LOC_STRINGS = NO;
				SWIFT_VERSION = 5.0;
				TARGETED_DEVICE_FAMILY = "1,2";
				TEST_TARGET_NAME = GenericsRestaurants;
			};
			name = Release;
		};
		ECD845C7298AE51E0036454C /* Debug */ = {
			isa = XCBuildConfiguration;
			buildSettings = {
				ALWAYS_SEARCH_USER_PATHS = NO;
				CLANG_ANALYZER_NONNULL = YES;
				CLANG_ANALYZER_NUMBER_OBJECT_CONVERSION = YES_AGGRESSIVE;
				CLANG_CXX_LANGUAGE_STANDARD = "gnu++20";
				CLANG_ENABLE_MODULES = YES;
				CLANG_ENABLE_OBJC_ARC = YES;
				CLANG_ENABLE_OBJC_WEAK = YES;
				CLANG_WARN_BLOCK_CAPTURE_AUTORELEASING = YES;
				CLANG_WARN_BOOL_CONVERSION = YES;
				CLANG_WARN_COMMA = YES;
				CLANG_WARN_CONSTANT_CONVERSION = YES;
				CLANG_WARN_DEPRECATED_OBJC_IMPLEMENTATIONS = YES;
				CLANG_WARN_DIRECT_OBJC_ISA_USAGE = YES_ERROR;
				CLANG_WARN_DOCUMENTATION_COMMENTS = YES;
				CLANG_WARN_EMPTY_BODY = YES;
				CLANG_WARN_ENUM_CONVERSION = YES;
				CLANG_WARN_INFINITE_RECURSION = YES;
				CLANG_WARN_INT_CONVERSION = YES;
				CLANG_WARN_NON_LITERAL_NULL_CONVERSION = YES;
				CLANG_WARN_OBJC_IMPLICIT_RETAIN_SELF = YES;
				CLANG_WARN_OBJC_LITERAL_CONVERSION = YES;
				CLANG_WARN_OBJC_ROOT_CLASS = YES_ERROR;
				CLANG_WARN_QUOTED_INCLUDE_IN_FRAMEWORK_HEADER = YES;
				CLANG_WARN_RANGE_LOOP_ANALYSIS = YES;
				CLANG_WARN_STRICT_PROTOTYPES = YES;
				CLANG_WARN_SUSPICIOUS_MOVE = YES;
				CLANG_WARN_UNGUARDED_AVAILABILITY = YES_AGGRESSIVE;
				CLANG_WARN_UNREACHABLE_CODE = YES;
				CLANG_WARN__DUPLICATE_METHOD_MATCH = YES;
				COPY_PHASE_STRIP = NO;
				DEBUG_INFORMATION_FORMAT = dwarf;
				ENABLE_STRICT_OBJC_MSGSEND = YES;
				ENABLE_TESTABILITY = YES;
				GCC_C_LANGUAGE_STANDARD = gnu11;
				GCC_DYNAMIC_NO_PIC = NO;
				GCC_NO_COMMON_BLOCKS = YES;
				GCC_OPTIMIZATION_LEVEL = 0;
				GCC_PREPROCESSOR_DEFINITIONS = (
					"DEBUG=1",
					"$(inherited)",
				);
				GCC_WARN_64_TO_32_BIT_CONVERSION = YES;
				GCC_WARN_ABOUT_RETURN_TYPE = YES_ERROR;
				GCC_WARN_UNDECLARED_SELECTOR = YES;
				GCC_WARN_UNINITIALIZED_AUTOS = YES_AGGRESSIVE;
				GCC_WARN_UNUSED_FUNCTION = YES;
				GCC_WARN_UNUSED_VARIABLE = YES;
				IPHONEOS_DEPLOYMENT_TARGET = 16.1;
				MTL_ENABLE_DEBUG_INFO = INCLUDE_SOURCE;
				MTL_FAST_MATH = YES;
				ONLY_ACTIVE_ARCH = YES;
				SDKROOT = iphoneos;
				SWIFT_ACTIVE_COMPILATION_CONDITIONS = DEBUG;
				SWIFT_OPTIMIZATION_LEVEL = "-Onone";
			};
			name = Debug;
		};
		ECD845C8298AE51E0036454C /* Release */ = {
			isa = XCBuildConfiguration;
			buildSettings = {
				ALWAYS_SEARCH_USER_PATHS = NO;
				CLANG_ANALYZER_NONNULL = YES;
				CLANG_ANALYZER_NUMBER_OBJECT_CONVERSION = YES_AGGRESSIVE;
				CLANG_CXX_LANGUAGE_STANDARD = "gnu++20";
				CLANG_ENABLE_MODULES = YES;
				CLANG_ENABLE_OBJC_ARC = YES;
				CLANG_ENABLE_OBJC_WEAK = YES;
				CLANG_WARN_BLOCK_CAPTURE_AUTORELEASING = YES;
				CLANG_WARN_BOOL_CONVERSION = YES;
				CLANG_WARN_COMMA = YES;
				CLANG_WARN_CONSTANT_CONVERSION = YES;
				CLANG_WARN_DEPRECATED_OBJC_IMPLEMENTATIONS = YES;
				CLANG_WARN_DIRECT_OBJC_ISA_USAGE = YES_ERROR;
				CLANG_WARN_DOCUMENTATION_COMMENTS = YES;
				CLANG_WARN_EMPTY_BODY = YES;
				CLANG_WARN_ENUM_CONVERSION = YES;
				CLANG_WARN_INFINITE_RECURSION = YES;
				CLANG_WARN_INT_CONVERSION = YES;
				CLANG_WARN_NON_LITERAL_NULL_CONVERSION = YES;
				CLANG_WARN_OBJC_IMPLICIT_RETAIN_SELF = YES;
				CLANG_WARN_OBJC_LITERAL_CONVERSION = YES;
				CLANG_WARN_OBJC_ROOT_CLASS = YES_ERROR;
				CLANG_WARN_QUOTED_INCLUDE_IN_FRAMEWORK_HEADER = YES;
				CLANG_WARN_RANGE_LOOP_ANALYSIS = YES;
				CLANG_WARN_STRICT_PROTOTYPES = YES;
				CLANG_WARN_SUSPICIOUS_MOVE = YES;
				CLANG_WARN_UNGUARDED_AVAILABILITY = YES_AGGRESSIVE;
				CLANG_WARN_UNREACHABLE_CODE = YES;
				CLANG_WARN__DUPLICATE_METHOD_MATCH = YES;
				COPY_PHASE_STRIP = NO;
				DEBUG_INFORMATION_FORMAT = "dwarf-with-dsym";
				ENABLE_NS_ASSERTIONS = NO;
				ENABLE_STRICT_OBJC_MSGSEND = YES;
				GCC_C_LANGUAGE_STANDARD = gnu11;
				GCC_NO_COMMON_BLOCKS = YES;
				GCC_WARN_64_TO_32_BIT_CONVERSION = YES;
				GCC_WARN_ABOUT_RETURN_TYPE = YES_ERROR;
				GCC_WARN_UNDECLARED_SELECTOR = YES;
				GCC_WARN_UNINITIALIZED_AUTOS = YES_AGGRESSIVE;
				GCC_WARN_UNUSED_FUNCTION = YES;
				GCC_WARN_UNUSED_VARIABLE = YES;
				IPHONEOS_DEPLOYMENT_TARGET = 16.1;
				MTL_ENABLE_DEBUG_INFO = NO;
				MTL_FAST_MATH = YES;
				SDKROOT = iphoneos;
				SWIFT_COMPILATION_MODE = wholemodule;
				SWIFT_OPTIMIZATION_LEVEL = "-O";
				VALIDATE_PRODUCT = YES;
			};
			name = Release;
		};
		ECD845CA298AE51E0036454C /* Debug */ = {
			isa = XCBuildConfiguration;
			buildSettings = {
				ASSETCATALOG_COMPILER_APPICON_NAME = AppIcon;
				ASSETCATALOG_COMPILER_GLOBAL_ACCENT_COLOR_NAME = AccentColor;
				CODE_SIGN_STYLE = Automatic;
				CURRENT_PROJECT_VERSION = 1;
				DEVELOPMENT_ASSET_PATHS = "\"GenericsApp/Preview Content\"";
				DEVELOPMENT_TEAM = 4S3J7NRC9R;
				ENABLE_PREVIEWS = YES;
				GENERATE_INFOPLIST_FILE = YES;
				INFOPLIST_FILE = GenericsApp/Info.plist;
				INFOPLIST_KEY_CFBundleDisplayName = "Generic's";
				INFOPLIST_KEY_UIApplicationSceneManifest_Generation = YES;
				INFOPLIST_KEY_UIApplicationSupportsIndirectInputEvents = YES;
				INFOPLIST_KEY_UILaunchScreen_Generation = YES;
				INFOPLIST_KEY_UISupportedInterfaceOrientations_iPad = "UIInterfaceOrientationPortrait UIInterfaceOrientationPortraitUpsideDown UIInterfaceOrientationLandscapeLeft UIInterfaceOrientationLandscapeRight";
				INFOPLIST_KEY_UISupportedInterfaceOrientations_iPhone = "UIInterfaceOrientationPortrait UIInterfaceOrientationLandscapeLeft UIInterfaceOrientationLandscapeRight";
				LD_RUNPATH_SEARCH_PATHS = (
					"$(inherited)",
					"@executable_path/Frameworks",
				);
				MARKETING_VERSION = 1.0;
				PRODUCT_BUNDLE_IDENTIFIER = com.roya1v.GenericsApp;
				PRODUCT_NAME = "$(TARGET_NAME)";
				SUPPORTED_PLATFORMS = "iphoneos iphonesimulator";
				SUPPORTS_MACCATALYST = NO;
				SUPPORTS_MAC_DESIGNED_FOR_IPHONE_IPAD = NO;
				SWIFT_EMIT_LOC_STRINGS = YES;
				SWIFT_VERSION = 5.0;
				TARGETED_DEVICE_FAMILY = 1;
			};
			name = Debug;
		};
		ECD845CB298AE51E0036454C /* Release */ = {
			isa = XCBuildConfiguration;
			buildSettings = {
				ASSETCATALOG_COMPILER_APPICON_NAME = AppIcon;
				ASSETCATALOG_COMPILER_GLOBAL_ACCENT_COLOR_NAME = AccentColor;
				CODE_SIGN_STYLE = Automatic;
				CURRENT_PROJECT_VERSION = 1;
				DEVELOPMENT_ASSET_PATHS = "\"GenericsApp/Preview Content\"";
				DEVELOPMENT_TEAM = 4S3J7NRC9R;
				ENABLE_PREVIEWS = YES;
				GENERATE_INFOPLIST_FILE = YES;
				INFOPLIST_FILE = GenericsApp/Info.plist;
				INFOPLIST_KEY_CFBundleDisplayName = "Generic's";
				INFOPLIST_KEY_UIApplicationSceneManifest_Generation = YES;
				INFOPLIST_KEY_UIApplicationSupportsIndirectInputEvents = YES;
				INFOPLIST_KEY_UILaunchScreen_Generation = YES;
				INFOPLIST_KEY_UISupportedInterfaceOrientations_iPad = "UIInterfaceOrientationPortrait UIInterfaceOrientationPortraitUpsideDown UIInterfaceOrientationLandscapeLeft UIInterfaceOrientationLandscapeRight";
				INFOPLIST_KEY_UISupportedInterfaceOrientations_iPhone = "UIInterfaceOrientationPortrait UIInterfaceOrientationLandscapeLeft UIInterfaceOrientationLandscapeRight";
				LD_RUNPATH_SEARCH_PATHS = (
					"$(inherited)",
					"@executable_path/Frameworks",
				);
				MARKETING_VERSION = 1.0;
				PRODUCT_BUNDLE_IDENTIFIER = com.roya1v.GenericsApp;
				PRODUCT_NAME = "$(TARGET_NAME)";
				SUPPORTED_PLATFORMS = "iphoneos iphonesimulator";
				SUPPORTS_MACCATALYST = NO;
				SUPPORTS_MAC_DESIGNED_FOR_IPHONE_IPAD = NO;
				SWIFT_EMIT_LOC_STRINGS = YES;
				SWIFT_VERSION = 5.0;
				TARGETED_DEVICE_FAMILY = 1;
			};
			name = Release;
		};
		ECD845CD298AE51E0036454C /* Debug */ = {
			isa = XCBuildConfiguration;
			buildSettings = {
				ALWAYS_EMBED_SWIFT_STANDARD_LIBRARIES = YES;
				BUNDLE_LOADER = "$(TEST_HOST)";
				CODE_SIGN_STYLE = Automatic;
				CURRENT_PROJECT_VERSION = 1;
				DEVELOPMENT_TEAM = 4S3J7NRC9R;
				GENERATE_INFOPLIST_FILE = YES;
				IPHONEOS_DEPLOYMENT_TARGET = 16.1;
				MARKETING_VERSION = 1.0;
				PRODUCT_BUNDLE_IDENTIFIER = com.roya1v.GenericsAppTests;
				PRODUCT_NAME = "$(TARGET_NAME)";
				SWIFT_EMIT_LOC_STRINGS = NO;
				SWIFT_VERSION = 5.0;
				TARGETED_DEVICE_FAMILY = "1,2";
				TEST_HOST = "$(BUILT_PRODUCTS_DIR)/GenericsApp.app/$(BUNDLE_EXECUTABLE_FOLDER_PATH)/GenericsApp";
			};
			name = Debug;
		};
		ECD845CE298AE51E0036454C /* Release */ = {
			isa = XCBuildConfiguration;
			buildSettings = {
				ALWAYS_EMBED_SWIFT_STANDARD_LIBRARIES = YES;
				BUNDLE_LOADER = "$(TEST_HOST)";
				CODE_SIGN_STYLE = Automatic;
				CURRENT_PROJECT_VERSION = 1;
				DEVELOPMENT_TEAM = 4S3J7NRC9R;
				GENERATE_INFOPLIST_FILE = YES;
				IPHONEOS_DEPLOYMENT_TARGET = 16.1;
				MARKETING_VERSION = 1.0;
				PRODUCT_BUNDLE_IDENTIFIER = com.roya1v.GenericsAppTests;
				PRODUCT_NAME = "$(TARGET_NAME)";
				SWIFT_EMIT_LOC_STRINGS = NO;
				SWIFT_VERSION = 5.0;
				TARGETED_DEVICE_FAMILY = "1,2";
				TEST_HOST = "$(BUILT_PRODUCTS_DIR)/GenericsApp.app/$(BUNDLE_EXECUTABLE_FOLDER_PATH)/GenericsApp";
			};
			name = Release;
		};
		ECD845D0298AE51E0036454C /* Debug */ = {
			isa = XCBuildConfiguration;
			buildSettings = {
				ALWAYS_EMBED_SWIFT_STANDARD_LIBRARIES = YES;
				CODE_SIGN_STYLE = Automatic;
				CURRENT_PROJECT_VERSION = 1;
				DEVELOPMENT_TEAM = 4S3J7NRC9R;
				GENERATE_INFOPLIST_FILE = YES;
				MARKETING_VERSION = 1.0;
				PRODUCT_BUNDLE_IDENTIFIER = com.roya1v.GenericsAppUITests;
				PRODUCT_NAME = "$(TARGET_NAME)";
				SWIFT_EMIT_LOC_STRINGS = NO;
				SWIFT_VERSION = 5.0;
				TARGETED_DEVICE_FAMILY = "1,2";
				TEST_TARGET_NAME = GenericsApp;
			};
			name = Debug;
		};
		ECD845D1298AE51E0036454C /* Release */ = {
			isa = XCBuildConfiguration;
			buildSettings = {
				ALWAYS_EMBED_SWIFT_STANDARD_LIBRARIES = YES;
				CODE_SIGN_STYLE = Automatic;
				CURRENT_PROJECT_VERSION = 1;
				DEVELOPMENT_TEAM = 4S3J7NRC9R;
				GENERATE_INFOPLIST_FILE = YES;
				MARKETING_VERSION = 1.0;
				PRODUCT_BUNDLE_IDENTIFIER = com.roya1v.GenericsAppUITests;
				PRODUCT_NAME = "$(TARGET_NAME)";
				SWIFT_EMIT_LOC_STRINGS = NO;
				SWIFT_VERSION = 5.0;
				TARGETED_DEVICE_FAMILY = "1,2";
				TEST_TARGET_NAME = GenericsApp;
			};
			name = Release;
		};
/* End XCBuildConfiguration section */

/* Begin XCConfigurationList section */
		ECA92FAA299C2D7900F28299 /* Build configuration list for PBXNativeTarget "GenericsRestaurants" */ = {
			isa = XCConfigurationList;
			buildConfigurations = (
				ECA92FAB299C2D7900F28299 /* Debug */,
				ECA92FAC299C2D7900F28299 /* Release */,
			);
			defaultConfigurationIsVisible = 0;
			defaultConfigurationName = Release;
		};
		ECA92FAD299C2D7900F28299 /* Build configuration list for PBXNativeTarget "GenericsRestaurantsTests" */ = {
			isa = XCConfigurationList;
			buildConfigurations = (
				ECA92FAE299C2D7900F28299 /* Debug */,
				ECA92FAF299C2D7900F28299 /* Release */,
			);
			defaultConfigurationIsVisible = 0;
			defaultConfigurationName = Release;
		};
		ECA92FB0299C2D7900F28299 /* Build configuration list for PBXNativeTarget "GenericsRestaurantsUITests" */ = {
			isa = XCConfigurationList;
			buildConfigurations = (
				ECA92FB1299C2D7900F28299 /* Debug */,
				ECA92FB2299C2D7900F28299 /* Release */,
			);
			defaultConfigurationIsVisible = 0;
			defaultConfigurationName = Release;
		};
		ECD845A0298AE51D0036454C /* Build configuration list for PBXProject "GenericsApp" */ = {
			isa = XCConfigurationList;
			buildConfigurations = (
				ECD845C7298AE51E0036454C /* Debug */,
				ECD845C8298AE51E0036454C /* Release */,
			);
			defaultConfigurationIsVisible = 0;
			defaultConfigurationName = Release;
		};
		ECD845C9298AE51E0036454C /* Build configuration list for PBXNativeTarget "GenericsApp" */ = {
			isa = XCConfigurationList;
			buildConfigurations = (
				ECD845CA298AE51E0036454C /* Debug */,
				ECD845CB298AE51E0036454C /* Release */,
			);
			defaultConfigurationIsVisible = 0;
			defaultConfigurationName = Release;
		};
		ECD845CC298AE51E0036454C /* Build configuration list for PBXNativeTarget "GenericsAppTests" */ = {
			isa = XCConfigurationList;
			buildConfigurations = (
				ECD845CD298AE51E0036454C /* Debug */,
				ECD845CE298AE51E0036454C /* Release */,
			);
			defaultConfigurationIsVisible = 0;
			defaultConfigurationName = Release;
		};
		ECD845CF298AE51E0036454C /* Build configuration list for PBXNativeTarget "GenericsAppUITests" */ = {
			isa = XCConfigurationList;
			buildConfigurations = (
				ECD845D0298AE51E0036454C /* Debug */,
				ECD845D1298AE51E0036454C /* Release */,
			);
			defaultConfigurationIsVisible = 0;
			defaultConfigurationName = Release;
		};
/* End XCConfigurationList section */

/* Begin XCRemoteSwiftPackageReference section */
		EC14E821298C515E00A6540C /* XCRemoteSwiftPackageReference "Factory" */ = {
			isa = XCRemoteSwiftPackageReference;
			repositoryURL = "https://github.com/hmlongco/Factory";
			requirement = {
				kind = upToNextMajorVersion;
				minimumVersion = 1.0.0;
			};
		};
/* End XCRemoteSwiftPackageReference section */

/* Begin XCSwiftPackageProductDependency section */
		EC14E822298C515E00A6540C /* Factory */ = {
			isa = XCSwiftPackageProductDependency;
			package = EC14E821298C515E00A6540C /* XCRemoteSwiftPackageReference "Factory" */;
			productName = Factory;
		};
		EC42551E29BE3F5400E5F41A /* GenericsModels */ = {
			isa = XCSwiftPackageProductDependency;
			productName = GenericsModels;
		};
		EC6382C929D61B98003A864E /* GenericsUI */ = {
			isa = XCSwiftPackageProductDependency;
			productName = GenericsUI;
		};
		EC6382CB29D6220C003A864E /* GenericsUI */ = {
			isa = XCSwiftPackageProductDependency;
			productName = GenericsUI;
		};
		EC688C1F29CA380E00450D2E /* GenericsHttp */ = {
			isa = XCSwiftPackageProductDependency;
			productName = GenericsHttp;
		};
		ECA5E7F829BFC8F600D9E85F /* GenericsModels */ = {
			isa = XCSwiftPackageProductDependency;
			productName = GenericsModels;
		};
		ECA92FB9299D652D00F28299 /* Factory */ = {
			isa = XCSwiftPackageProductDependency;
			package = EC14E821298C515E00A6540C /* XCRemoteSwiftPackageReference "Factory" */;
			productName = Factory;
		};
		ECA92FC0299D721900F28299 /* GenericsHttp */ = {
			isa = XCSwiftPackageProductDependency;
			productName = GenericsHttp;
		};
/* End XCSwiftPackageProductDependency section */
	};
	rootObject = ECD8459D298AE51D0036454C /* Project object */;
}
