// !$*UTF8*$!
{
	archiveVersion = 1;
	classes = {
	};
	objectVersion = 56;
	objects = {

/* Begin PBXBuildFile section */
		EC14E817298B064F00A6540C /* CardView.swift in Sources */ = {isa = PBXBuildFile; fileRef = EC14E816298B064F00A6540C /* CardView.swift */; };
		EC14E819298B07C900A6540C /* HomeView.swift in Sources */ = {isa = PBXBuildFile; fileRef = EC14E818298B07C900A6540C /* HomeView.swift */; };
		EC14E81B298B086E00A6540C /* MenuView.swift in Sources */ = {isa = PBXBuildFile; fileRef = EC14E81A298B086E00A6540C /* MenuView.swift */; };
		EC14E820298B0C3E00A6540C /* MenuItemView.swift in Sources */ = {isa = PBXBuildFile; fileRef = EC14E81F298B0C3E00A6540C /* MenuItemView.swift */; };
		EC14E823298C515E00A6540C /* Factory in Frameworks */ = {isa = PBXBuildFile; productRef = EC14E822298C515E00A6540C /* Factory */; };
		EC14E825298C516F00A6540C /* MenuRepository.swift in Sources */ = {isa = PBXBuildFile; fileRef = EC14E824298C516F00A6540C /* MenuRepository.swift */; };
		EC14E827298C527900A6540C /* MenuViewModel.swift in Sources */ = {isa = PBXBuildFile; fileRef = EC14E826298C527900A6540C /* MenuViewModel.swift */; };
		ECD845A9298AE51D0036454C /* GenericsAppApp.swift in Sources */ = {isa = PBXBuildFile; fileRef = ECD845A8298AE51D0036454C /* GenericsAppApp.swift */; };
		ECD845AB298AE51D0036454C /* ContentView.swift in Sources */ = {isa = PBXBuildFile; fileRef = ECD845AA298AE51D0036454C /* ContentView.swift */; };
		ECD845AD298AE51E0036454C /* Assets.xcassets in Resources */ = {isa = PBXBuildFile; fileRef = ECD845AC298AE51E0036454C /* Assets.xcassets */; };
		ECD845B0298AE51E0036454C /* Preview Assets.xcassets in Resources */ = {isa = PBXBuildFile; fileRef = ECD845AF298AE51E0036454C /* Preview Assets.xcassets */; };
		ECD845BA298AE51E0036454C /* GenericsAppTests.swift in Sources */ = {isa = PBXBuildFile; fileRef = ECD845B9298AE51E0036454C /* GenericsAppTests.swift */; };
		ECD845C4298AE51E0036454C /* GenericsAppUITests.swift in Sources */ = {isa = PBXBuildFile; fileRef = ECD845C3298AE51E0036454C /* GenericsAppUITests.swift */; };
		ECD845C6298AE51E0036454C /* GenericsAppUITestsLaunchTests.swift in Sources */ = {isa = PBXBuildFile; fileRef = ECD845C5298AE51E0036454C /* GenericsAppUITestsLaunchTests.swift */; };
/* End PBXBuildFile section */

/* Begin PBXContainerItemProxy section */
		ECD845B6298AE51E0036454C /* PBXContainerItemProxy */ = {
			isa = PBXContainerItemProxy;
			containerPortal = ECD8459D298AE51D0036454C /* Project object */;
			proxyType = 1;
			remoteGlobalIDString = ECD845A4298AE51D0036454C;
			remoteInfo = GenericsApp;
		};
		ECD845C0298AE51E0036454C /* PBXContainerItemProxy */ = {
			isa = PBXContainerItemProxy;
			containerPortal = ECD8459D298AE51D0036454C /* Project object */;
			proxyType = 1;
			remoteGlobalIDString = ECD845A4298AE51D0036454C;
			remoteInfo = GenericsApp;
		};
/* End PBXContainerItemProxy section */

/* Begin PBXFileReference section */
		EC14E816298B064F00A6540C /* CardView.swift */ = {isa = PBXFileReference; lastKnownFileType = sourcecode.swift; path = CardView.swift; sourceTree = "<group>"; };
		EC14E818298B07C900A6540C /* HomeView.swift */ = {isa = PBXFileReference; lastKnownFileType = sourcecode.swift; path = HomeView.swift; sourceTree = "<group>"; };
		EC14E81A298B086E00A6540C /* MenuView.swift */ = {isa = PBXFileReference; lastKnownFileType = sourcecode.swift; path = MenuView.swift; sourceTree = "<group>"; };
		EC14E81F298B0C3E00A6540C /* MenuItemView.swift */ = {isa = PBXFileReference; lastKnownFileType = sourcecode.swift; path = MenuItemView.swift; sourceTree = "<group>"; };
		EC14E824298C516F00A6540C /* MenuRepository.swift */ = {isa = PBXFileReference; lastKnownFileType = sourcecode.swift; path = MenuRepository.swift; sourceTree = "<group>"; };
		EC14E826298C527900A6540C /* MenuViewModel.swift */ = {isa = PBXFileReference; lastKnownFileType = sourcecode.swift; path = MenuViewModel.swift; sourceTree = "<group>"; };
		EC611F33299432A30000427A /* Info.plist */ = {isa = PBXFileReference; lastKnownFileType = text.plist; path = Info.plist; sourceTree = "<group>"; };
		ECD845A5298AE51D0036454C /* GenericsApp.app */ = {isa = PBXFileReference; explicitFileType = wrapper.application; includeInIndex = 0; path = GenericsApp.app; sourceTree = BUILT_PRODUCTS_DIR; };
		ECD845A8298AE51D0036454C /* GenericsAppApp.swift */ = {isa = PBXFileReference; lastKnownFileType = sourcecode.swift; path = GenericsAppApp.swift; sourceTree = "<group>"; };
		ECD845AA298AE51D0036454C /* ContentView.swift */ = {isa = PBXFileReference; lastKnownFileType = sourcecode.swift; path = ContentView.swift; sourceTree = "<group>"; };
		ECD845AC298AE51E0036454C /* Assets.xcassets */ = {isa = PBXFileReference; lastKnownFileType = folder.assetcatalog; path = Assets.xcassets; sourceTree = "<group>"; };
		ECD845AF298AE51E0036454C /* Preview Assets.xcassets */ = {isa = PBXFileReference; lastKnownFileType = folder.assetcatalog; path = "Preview Assets.xcassets"; sourceTree = "<group>"; };
		ECD845B5298AE51E0036454C /* GenericsAppTests.xctest */ = {isa = PBXFileReference; explicitFileType = wrapper.cfbundle; includeInIndex = 0; path = GenericsAppTests.xctest; sourceTree = BUILT_PRODUCTS_DIR; };
		ECD845B9298AE51E0036454C /* GenericsAppTests.swift */ = {isa = PBXFileReference; lastKnownFileType = sourcecode.swift; path = GenericsAppTests.swift; sourceTree = "<group>"; };
		ECD845BF298AE51E0036454C /* GenericsAppUITests.xctest */ = {isa = PBXFileReference; explicitFileType = wrapper.cfbundle; includeInIndex = 0; path = GenericsAppUITests.xctest; sourceTree = BUILT_PRODUCTS_DIR; };
		ECD845C3298AE51E0036454C /* GenericsAppUITests.swift */ = {isa = PBXFileReference; lastKnownFileType = sourcecode.swift; path = GenericsAppUITests.swift; sourceTree = "<group>"; };
		ECD845C5298AE51E0036454C /* GenericsAppUITestsLaunchTests.swift */ = {isa = PBXFileReference; lastKnownFileType = sourcecode.swift; path = GenericsAppUITestsLaunchTests.swift; sourceTree = "<group>"; };
/* End PBXFileReference section */

/* Begin PBXFrameworksBuildPhase section */
		ECD845A2298AE51D0036454C /* Frameworks */ = {
			isa = PBXFrameworksBuildPhase;
			buildActionMask = 2147483647;
			files = (
				EC14E823298C515E00A6540C /* Factory in Frameworks */,
			);
			runOnlyForDeploymentPostprocessing = 0;
		};
		ECD845B2298AE51E0036454C /* Frameworks */ = {
			isa = PBXFrameworksBuildPhase;
			buildActionMask = 2147483647;
			files = (
			);
			runOnlyForDeploymentPostprocessing = 0;
		};
		ECD845BC298AE51E0036454C /* Frameworks */ = {
			isa = PBXFrameworksBuildPhase;
			buildActionMask = 2147483647;
			files = (
			);
			runOnlyForDeploymentPostprocessing = 0;
		};
/* End PBXFrameworksBuildPhase section */

/* Begin PBXGroup section */
		EC14E81C298B0C0600A6540C /* Common */ = {
			isa = PBXGroup;
			children = (
				EC14E816298B064F00A6540C /* CardView.swift */,
			);
			path = Common;
			sourceTree = "<group>";
		};
		EC14E81D298B0C1100A6540C /* Home */ = {
			isa = PBXGroup;
			children = (
				EC14E818298B07C900A6540C /* HomeView.swift */,
			);
			path = Home;
			sourceTree = "<group>";
		};
		EC14E81E298B0C1C00A6540C /* Menu */ = {
			isa = PBXGroup;
			children = (
				EC14E81A298B086E00A6540C /* MenuView.swift */,
				EC14E826298C527900A6540C /* MenuViewModel.swift */,
				EC14E81F298B0C3E00A6540C /* MenuItemView.swift */,
				EC14E824298C516F00A6540C /* MenuRepository.swift */,
			);
			path = Menu;
			sourceTree = "<group>";
		};
		ECD8459C298AE51D0036454C = {
			isa = PBXGroup;
			children = (
				ECD845A7298AE51D0036454C /* GenericsApp */,
				ECD845B8298AE51E0036454C /* GenericsAppTests */,
				ECD845C2298AE51E0036454C /* GenericsAppUITests */,
				ECD845A6298AE51D0036454C /* Products */,
			);
			sourceTree = "<group>";
		};
		ECD845A6298AE51D0036454C /* Products */ = {
			isa = PBXGroup;
			children = (
				ECD845A5298AE51D0036454C /* GenericsApp.app */,
				ECD845B5298AE51E0036454C /* GenericsAppTests.xctest */,
				ECD845BF298AE51E0036454C /* GenericsAppUITests.xctest */,
			);
			name = Products;
			sourceTree = "<group>";
		};
		ECD845A7298AE51D0036454C /* GenericsApp */ = {
			isa = PBXGroup;
			children = (
				EC611F33299432A30000427A /* Info.plist */,
				ECD845A8298AE51D0036454C /* GenericsAppApp.swift */,
				ECD845AA298AE51D0036454C /* ContentView.swift */,
				EC14E81C298B0C0600A6540C /* Common */,
				EC14E81D298B0C1100A6540C /* Home */,
				EC14E81E298B0C1C00A6540C /* Menu */,
				ECD845AC298AE51E0036454C /* Assets.xcassets */,
				ECD845AE298AE51E0036454C /* Preview Content */,
			);
			path = GenericsApp;
			sourceTree = "<group>";
		};
		ECD845AE298AE51E0036454C /* Preview Content */ = {
			isa = PBXGroup;
			children = (
				ECD845AF298AE51E0036454C /* Preview Assets.xcassets */,
			);
			path = "Preview Content";
			sourceTree = "<group>";
		};
		ECD845B8298AE51E0036454C /* GenericsAppTests */ = {
			isa = PBXGroup;
			children = (
				ECD845B9298AE51E0036454C /* GenericsAppTests.swift */,
			);
			path = GenericsAppTests;
			sourceTree = "<group>";
		};
		ECD845C2298AE51E0036454C /* GenericsAppUITests */ = {
			isa = PBXGroup;
			children = (
				ECD845C3298AE51E0036454C /* GenericsAppUITests.swift */,
				ECD845C5298AE51E0036454C /* GenericsAppUITestsLaunchTests.swift */,
			);
			path = GenericsAppUITests;
			sourceTree = "<group>";
		};
/* End PBXGroup section */

/* Begin PBXNativeTarget section */
		ECD845A4298AE51D0036454C /* GenericsApp */ = {
			isa = PBXNativeTarget;
			buildConfigurationList = ECD845C9298AE51E0036454C /* Build configuration list for PBXNativeTarget "GenericsApp" */;
			buildPhases = (
				ECD845A1298AE51D0036454C /* Sources */,
				ECD845A2298AE51D0036454C /* Frameworks */,
				ECD845A3298AE51D0036454C /* Resources */,
			);
			buildRules = (
			);
			dependencies = (
			);
			name = GenericsApp;
			packageProductDependencies = (
				EC14E822298C515E00A6540C /* Factory */,
			);
			productName = GenericsApp;
			productReference = ECD845A5298AE51D0036454C /* GenericsApp.app */;
			productType = "com.apple.product-type.application";
		};
		ECD845B4298AE51E0036454C /* GenericsAppTests */ = {
			isa = PBXNativeTarget;
			buildConfigurationList = ECD845CC298AE51E0036454C /* Build configuration list for PBXNativeTarget "GenericsAppTests" */;
			buildPhases = (
				ECD845B1298AE51E0036454C /* Sources */,
				ECD845B2298AE51E0036454C /* Frameworks */,
				ECD845B3298AE51E0036454C /* Resources */,
			);
			buildRules = (
			);
			dependencies = (
				ECD845B7298AE51E0036454C /* PBXTargetDependency */,
			);
			name = GenericsAppTests;
			productName = GenericsAppTests;
			productReference = ECD845B5298AE51E0036454C /* GenericsAppTests.xctest */;
			productType = "com.apple.product-type.bundle.unit-test";
		};
		ECD845BE298AE51E0036454C /* GenericsAppUITests */ = {
			isa = PBXNativeTarget;
			buildConfigurationList = ECD845CF298AE51E0036454C /* Build configuration list for PBXNativeTarget "GenericsAppUITests" */;
			buildPhases = (
				ECD845BB298AE51E0036454C /* Sources */,
				ECD845BC298AE51E0036454C /* Frameworks */,
				ECD845BD298AE51E0036454C /* Resources */,
			);
			buildRules = (
			);
			dependencies = (
				ECD845C1298AE51E0036454C /* PBXTargetDependency */,
			);
			name = GenericsAppUITests;
			productName = GenericsAppUITests;
			productReference = ECD845BF298AE51E0036454C /* GenericsAppUITests.xctest */;
			productType = "com.apple.product-type.bundle.ui-testing";
		};
/* End PBXNativeTarget section */

/* Begin PBXProject section */
		ECD8459D298AE51D0036454C /* Project object */ = {
			isa = PBXProject;
			attributes = {
				BuildIndependentTargetsInParallel = 1;
				LastSwiftUpdateCheck = 1410;
				LastUpgradeCheck = 1410;
				TargetAttributes = {
					ECD845A4298AE51D0036454C = {
						CreatedOnToolsVersion = 14.1;
					};
					ECD845B4298AE51E0036454C = {
						CreatedOnToolsVersion = 14.1;
						TestTargetID = ECD845A4298AE51D0036454C;
					};
					ECD845BE298AE51E0036454C = {
						CreatedOnToolsVersion = 14.1;
						TestTargetID = ECD845A4298AE51D0036454C;
					};
				};
			};
			buildConfigurationList = ECD845A0298AE51D0036454C /* Build configuration list for PBXProject "GenericsApp" */;
			compatibilityVersion = "Xcode 14.0";
			developmentRegion = en;
			hasScannedForEncodings = 0;
			knownRegions = (
				en,
				Base,
			);
			mainGroup = ECD8459C298AE51D0036454C;
			packageReferences = (
				EC14E821298C515E00A6540C /* XCRemoteSwiftPackageReference "Factory" */,
			);
			productRefGroup = ECD845A6298AE51D0036454C /* Products */;
			projectDirPath = "";
			projectRoot = "";
			targets = (
				ECD845A4298AE51D0036454C /* GenericsApp */,
				ECD845B4298AE51E0036454C /* GenericsAppTests */,
				ECD845BE298AE51E0036454C /* GenericsAppUITests */,
			);
		};
/* End PBXProject section */

/* Begin PBXResourcesBuildPhase section */
		ECD845A3298AE51D0036454C /* Resources */ = {
			isa = PBXResourcesBuildPhase;
			buildActionMask = 2147483647;
			files = (
				ECD845B0298AE51E0036454C /* Preview Assets.xcassets in Resources */,
				ECD845AD298AE51E0036454C /* Assets.xcassets in Resources */,
			);
			runOnlyForDeploymentPostprocessing = 0;
		};
		ECD845B3298AE51E0036454C /* Resources */ = {
			isa = PBXResourcesBuildPhase;
			buildActionMask = 2147483647;
			files = (
			);
			runOnlyForDeploymentPostprocessing = 0;
		};
		ECD845BD298AE51E0036454C /* Resources */ = {
			isa = PBXResourcesBuildPhase;
			buildActionMask = 2147483647;
			files = (
			);
			runOnlyForDeploymentPostprocessing = 0;
		};
/* End PBXResourcesBuildPhase section */

/* Begin PBXSourcesBuildPhase section */
		ECD845A1298AE51D0036454C /* Sources */ = {
			isa = PBXSourcesBuildPhase;
			buildActionMask = 2147483647;
			files = (
				EC14E81B298B086E00A6540C /* MenuView.swift in Sources */,
				ECD845AB298AE51D0036454C /* ContentView.swift in Sources */,
				EC14E825298C516F00A6540C /* MenuRepository.swift in Sources */,
				EC14E819298B07C900A6540C /* HomeView.swift in Sources */,
				EC14E817298B064F00A6540C /* CardView.swift in Sources */,
				EC14E820298B0C3E00A6540C /* MenuItemView.swift in Sources */,
				ECD845A9298AE51D0036454C /* GenericsAppApp.swift in Sources */,
				EC14E827298C527900A6540C /* MenuViewModel.swift in Sources */,
			);
			runOnlyForDeploymentPostprocessing = 0;
		};
		ECD845B1298AE51E0036454C /* Sources */ = {
			isa = PBXSourcesBuildPhase;
			buildActionMask = 2147483647;
			files = (
				ECD845BA298AE51E0036454C /* GenericsAppTests.swift in Sources */,
			);
			runOnlyForDeploymentPostprocessing = 0;
		};
		ECD845BB298AE51E0036454C /* Sources */ = {
			isa = PBXSourcesBuildPhase;
			buildActionMask = 2147483647;
			files = (
				ECD845C6298AE51E0036454C /* GenericsAppUITestsLaunchTests.swift in Sources */,
				ECD845C4298AE51E0036454C /* GenericsAppUITests.swift in Sources */,
			);
			runOnlyForDeploymentPostprocessing = 0;
		};
/* End PBXSourcesBuildPhase section */

/* Begin PBXTargetDependency section */
		ECD845B7298AE51E0036454C /* PBXTargetDependency */ = {
			isa = PBXTargetDependency;
			target = ECD845A4298AE51D0036454C /* GenericsApp */;
			targetProxy = ECD845B6298AE51E0036454C /* PBXContainerItemProxy */;
		};
		ECD845C1298AE51E0036454C /* PBXTargetDependency */ = {
			isa = PBXTargetDependency;
			target = ECD845A4298AE51D0036454C /* GenericsApp */;
			targetProxy = ECD845C0298AE51E0036454C /* PBXContainerItemProxy */;
		};
/* End PBXTargetDependency section */

/* Begin XCBuildConfiguration section */
		ECD845C7298AE51E0036454C /* Debug */ = {
			isa = XCBuildConfiguration;
			buildSettings = {
				ALWAYS_SEARCH_USER_PATHS = NO;
				CLANG_ANALYZER_NONNULL = YES;
				CLANG_ANALYZER_NUMBER_OBJECT_CONVERSION = YES_AGGRESSIVE;
				CLANG_CXX_LANGUAGE_STANDARD = "gnu++20";
				CLANG_ENABLE_MODULES = YES;
				CLANG_ENABLE_OBJC_ARC = YES;
				CLANG_ENABLE_OBJC_WEAK = YES;
				CLANG_WARN_BLOCK_CAPTURE_AUTORELEASING = YES;
				CLANG_WARN_BOOL_CONVERSION = YES;
				CLANG_WARN_COMMA = YES;
				CLANG_WARN_CONSTANT_CONVERSION = YES;
				CLANG_WARN_DEPRECATED_OBJC_IMPLEMENTATIONS = YES;
				CLANG_WARN_DIRECT_OBJC_ISA_USAGE = YES_ERROR;
				CLANG_WARN_DOCUMENTATION_COMMENTS = YES;
				CLANG_WARN_EMPTY_BODY = YES;
				CLANG_WARN_ENUM_CONVERSION = YES;
				CLANG_WARN_INFINITE_RECURSION = YES;
				CLANG_WARN_INT_CONVERSION = YES;
				CLANG_WARN_NON_LITERAL_NULL_CONVERSION = YES;
				CLANG_WARN_OBJC_IMPLICIT_RETAIN_SELF = YES;
				CLANG_WARN_OBJC_LITERAL_CONVERSION = YES;
				CLANG_WARN_OBJC_ROOT_CLASS = YES_ERROR;
				CLANG_WARN_QUOTED_INCLUDE_IN_FRAMEWORK_HEADER = YES;
				CLANG_WARN_RANGE_LOOP_ANALYSIS = YES;
				CLANG_WARN_STRICT_PROTOTYPES = YES;
				CLANG_WARN_SUSPICIOUS_MOVE = YES;
				CLANG_WARN_UNGUARDED_AVAILABILITY = YES_AGGRESSIVE;
				CLANG_WARN_UNREACHABLE_CODE = YES;
				CLANG_WARN__DUPLICATE_METHOD_MATCH = YES;
				COPY_PHASE_STRIP = NO;
				DEBUG_INFORMATION_FORMAT = dwarf;
				ENABLE_STRICT_OBJC_MSGSEND = YES;
				ENABLE_TESTABILITY = YES;
				GCC_C_LANGUAGE_STANDARD = gnu11;
				GCC_DYNAMIC_NO_PIC = NO;
				GCC_NO_COMMON_BLOCKS = YES;
				GCC_OPTIMIZATION_LEVEL = 0;
				GCC_PREPROCESSOR_DEFINITIONS = (
					"DEBUG=1",
					"$(inherited)",
				);
				GCC_WARN_64_TO_32_BIT_CONVERSION = YES;
				GCC_WARN_ABOUT_RETURN_TYPE = YES_ERROR;
				GCC_WARN_UNDECLARED_SELECTOR = YES;
				GCC_WARN_UNINITIALIZED_AUTOS = YES_AGGRESSIVE;
				GCC_WARN_UNUSED_FUNCTION = YES;
				GCC_WARN_UNUSED_VARIABLE = YES;
				IPHONEOS_DEPLOYMENT_TARGET = 16.1;
				MTL_ENABLE_DEBUG_INFO = INCLUDE_SOURCE;
				MTL_FAST_MATH = YES;
				ONLY_ACTIVE_ARCH = YES;
				SDKROOT = iphoneos;
				SWIFT_ACTIVE_COMPILATION_CONDITIONS = DEBUG;
				SWIFT_OPTIMIZATION_LEVEL = "-Onone";
			};
			name = Debug;
		};
		ECD845C8298AE51E0036454C /* Release */ = {
			isa = XCBuildConfiguration;
			buildSettings = {
				ALWAYS_SEARCH_USER_PATHS = NO;
				CLANG_ANALYZER_NONNULL = YES;
				CLANG_ANALYZER_NUMBER_OBJECT_CONVERSION = YES_AGGRESSIVE;
				CLANG_CXX_LANGUAGE_STANDARD = "gnu++20";
				CLANG_ENABLE_MODULES = YES;
				CLANG_ENABLE_OBJC_ARC = YES;
				CLANG_ENABLE_OBJC_WEAK = YES;
				CLANG_WARN_BLOCK_CAPTURE_AUTORELEASING = YES;
				CLANG_WARN_BOOL_CONVERSION = YES;
				CLANG_WARN_COMMA = YES;
				CLANG_WARN_CONSTANT_CONVERSION = YES;
				CLANG_WARN_DEPRECATED_OBJC_IMPLEMENTATIONS = YES;
				CLANG_WARN_DIRECT_OBJC_ISA_USAGE = YES_ERROR;
				CLANG_WARN_DOCUMENTATION_COMMENTS = YES;
				CLANG_WARN_EMPTY_BODY = YES;
				CLANG_WARN_ENUM_CONVERSION = YES;
				CLANG_WARN_INFINITE_RECURSION = YES;
				CLANG_WARN_INT_CONVERSION = YES;
				CLANG_WARN_NON_LITERAL_NULL_CONVERSION = YES;
				CLANG_WARN_OBJC_IMPLICIT_RETAIN_SELF = YES;
				CLANG_WARN_OBJC_LITERAL_CONVERSION = YES;
				CLANG_WARN_OBJC_ROOT_CLASS = YES_ERROR;
				CLANG_WARN_QUOTED_INCLUDE_IN_FRAMEWORK_HEADER = YES;
				CLANG_WARN_RANGE_LOOP_ANALYSIS = YES;
				CLANG_WARN_STRICT_PROTOTYPES = YES;
				CLANG_WARN_SUSPICIOUS_MOVE = YES;
				CLANG_WARN_UNGUARDED_AVAILABILITY = YES_AGGRESSIVE;
				CLANG_WARN_UNREACHABLE_CODE = YES;
				CLANG_WARN__DUPLICATE_METHOD_MATCH = YES;
				COPY_PHASE_STRIP = NO;
				DEBUG_INFORMATION_FORMAT = "dwarf-with-dsym";
				ENABLE_NS_ASSERTIONS = NO;
				ENABLE_STRICT_OBJC_MSGSEND = YES;
				GCC_C_LANGUAGE_STANDARD = gnu11;
				GCC_NO_COMMON_BLOCKS = YES;
				GCC_WARN_64_TO_32_BIT_CONVERSION = YES;
				GCC_WARN_ABOUT_RETURN_TYPE = YES_ERROR;
				GCC_WARN_UNDECLARED_SELECTOR = YES;
				GCC_WARN_UNINITIALIZED_AUTOS = YES_AGGRESSIVE;
				GCC_WARN_UNUSED_FUNCTION = YES;
				GCC_WARN_UNUSED_VARIABLE = YES;
				IPHONEOS_DEPLOYMENT_TARGET = 16.1;
				MTL_ENABLE_DEBUG_INFO = NO;
				MTL_FAST_MATH = YES;
				SDKROOT = iphoneos;
				SWIFT_COMPILATION_MODE = wholemodule;
				SWIFT_OPTIMIZATION_LEVEL = "-O";
				VALIDATE_PRODUCT = YES;
			};
			name = Release;
		};
		ECD845CA298AE51E0036454C /* Debug */ = {
			isa = XCBuildConfiguration;
			buildSettings = {
				ASSETCATALOG_COMPILER_APPICON_NAME = AppIcon;
				ASSETCATALOG_COMPILER_GLOBAL_ACCENT_COLOR_NAME = AccentColor;
				CODE_SIGN_STYLE = Automatic;
				CURRENT_PROJECT_VERSION = 1;
				DEVELOPMENT_ASSET_PATHS = "\"GenericsApp/Preview Content\"";
				DEVELOPMENT_TEAM = 4S3J7NRC9R;
				ENABLE_PREVIEWS = YES;
				GENERATE_INFOPLIST_FILE = YES;
				INFOPLIST_FILE = GenericsApp/Info.plist;
				INFOPLIST_KEY_CFBundleDisplayName = "Generic's";
				INFOPLIST_KEY_UIApplicationSceneManifest_Generation = YES;
				INFOPLIST_KEY_UIApplicationSupportsIndirectInputEvents = YES;
				INFOPLIST_KEY_UILaunchScreen_Generation = YES;
				INFOPLIST_KEY_UISupportedInterfaceOrientations_iPad = "UIInterfaceOrientationPortrait UIInterfaceOrientationPortraitUpsideDown UIInterfaceOrientationLandscapeLeft UIInterfaceOrientationLandscapeRight";
				INFOPLIST_KEY_UISupportedInterfaceOrientations_iPhone = "UIInterfaceOrientationPortrait UIInterfaceOrientationLandscapeLeft UIInterfaceOrientationLandscapeRight";
				LD_RUNPATH_SEARCH_PATHS = (
					"$(inherited)",
					"@executable_path/Frameworks",
				);
				MARKETING_VERSION = 1.0;
				PRODUCT_BUNDLE_IDENTIFIER = com.roya1v.GenericsApp;
				PRODUCT_NAME = "$(TARGET_NAME)";
				SWIFT_EMIT_LOC_STRINGS = YES;
				SWIFT_VERSION = 5.0;
				TARGETED_DEVICE_FAMILY = "1,2";
			};
			name = Debug;
		};
		ECD845CB298AE51E0036454C /* Release */ = {
			isa = XCBuildConfiguration;
			buildSettings = {
				ASSETCATALOG_COMPILER_APPICON_NAME = AppIcon;
				ASSETCATALOG_COMPILER_GLOBAL_ACCENT_COLOR_NAME = AccentColor;
				CODE_SIGN_STYLE = Automatic;
				CURRENT_PROJECT_VERSION = 1;
				DEVELOPMENT_ASSET_PATHS = "\"GenericsApp/Preview Content\"";
				DEVELOPMENT_TEAM = 4S3J7NRC9R;
				ENABLE_PREVIEWS = YES;
				GENERATE_INFOPLIST_FILE = YES;
				INFOPLIST_FILE = GenericsApp/Info.plist;
				INFOPLIST_KEY_CFBundleDisplayName = "Generic's";
				INFOPLIST_KEY_UIApplicationSceneManifest_Generation = YES;
				INFOPLIST_KEY_UIApplicationSupportsIndirectInputEvents = YES;
				INFOPLIST_KEY_UILaunchScreen_Generation = YES;
				INFOPLIST_KEY_UISupportedInterfaceOrientations_iPad = "UIInterfaceOrientationPortrait UIInterfaceOrientationPortraitUpsideDown UIInterfaceOrientationLandscapeLeft UIInterfaceOrientationLandscapeRight";
				INFOPLIST_KEY_UISupportedInterfaceOrientations_iPhone = "UIInterfaceOrientationPortrait UIInterfaceOrientationLandscapeLeft UIInterfaceOrientationLandscapeRight";
				LD_RUNPATH_SEARCH_PATHS = (
					"$(inherited)",
					"@executable_path/Frameworks",
				);
				MARKETING_VERSION = 1.0;
				PRODUCT_BUNDLE_IDENTIFIER = com.roya1v.GenericsApp;
				PRODUCT_NAME = "$(TARGET_NAME)";
				SWIFT_EMIT_LOC_STRINGS = YES;
				SWIFT_VERSION = 5.0;
				TARGETED_DEVICE_FAMILY = "1,2";
			};
			name = Release;
		};
		ECD845CD298AE51E0036454C /* Debug */ = {
			isa = XCBuildConfiguration;
			buildSettings = {
				ALWAYS_EMBED_SWIFT_STANDARD_LIBRARIES = YES;
				BUNDLE_LOADER = "$(TEST_HOST)";
				CODE_SIGN_STYLE = Automatic;
				CURRENT_PROJECT_VERSION = 1;
				DEVELOPMENT_TEAM = 4S3J7NRC9R;
				GENERATE_INFOPLIST_FILE = YES;
				IPHONEOS_DEPLOYMENT_TARGET = 16.1;
				MARKETING_VERSION = 1.0;
				PRODUCT_BUNDLE_IDENTIFIER = com.roya1v.GenericsAppTests;
				PRODUCT_NAME = "$(TARGET_NAME)";
				SWIFT_EMIT_LOC_STRINGS = NO;
				SWIFT_VERSION = 5.0;
				TARGETED_DEVICE_FAMILY = "1,2";
				TEST_HOST = "$(BUILT_PRODUCTS_DIR)/GenericsApp.app/$(BUNDLE_EXECUTABLE_FOLDER_PATH)/GenericsApp";
			};
			name = Debug;
		};
		ECD845CE298AE51E0036454C /* Release */ = {
			isa = XCBuildConfiguration;
			buildSettings = {
				ALWAYS_EMBED_SWIFT_STANDARD_LIBRARIES = YES;
				BUNDLE_LOADER = "$(TEST_HOST)";
				CODE_SIGN_STYLE = Automatic;
				CURRENT_PROJECT_VERSION = 1;
				DEVELOPMENT_TEAM = 4S3J7NRC9R;
				GENERATE_INFOPLIST_FILE = YES;
				IPHONEOS_DEPLOYMENT_TARGET = 16.1;
				MARKETING_VERSION = 1.0;
				PRODUCT_BUNDLE_IDENTIFIER = com.roya1v.GenericsAppTests;
				PRODUCT_NAME = "$(TARGET_NAME)";
				SWIFT_EMIT_LOC_STRINGS = NO;
				SWIFT_VERSION = 5.0;
				TARGETED_DEVICE_FAMILY = "1,2";
				TEST_HOST = "$(BUILT_PRODUCTS_DIR)/GenericsApp.app/$(BUNDLE_EXECUTABLE_FOLDER_PATH)/GenericsApp";
			};
			name = Release;
		};
		ECD845D0298AE51E0036454C /* Debug */ = {
			isa = XCBuildConfiguration;
			buildSettings = {
				ALWAYS_EMBED_SWIFT_STANDARD_LIBRARIES = YES;
				CODE_SIGN_STYLE = Automatic;
				CURRENT_PROJECT_VERSION = 1;
				DEVELOPMENT_TEAM = 4S3J7NRC9R;
				GENERATE_INFOPLIST_FILE = YES;
				MARKETING_VERSION = 1.0;
				PRODUCT_BUNDLE_IDENTIFIER = com.roya1v.GenericsAppUITests;
				PRODUCT_NAME = "$(TARGET_NAME)";
				SWIFT_EMIT_LOC_STRINGS = NO;
				SWIFT_VERSION = 5.0;
				TARGETED_DEVICE_FAMILY = "1,2";
				TEST_TARGET_NAME = GenericsApp;
			};
			name = Debug;
		};
		ECD845D1298AE51E0036454C /* Release */ = {
			isa = XCBuildConfiguration;
			buildSettings = {
				ALWAYS_EMBED_SWIFT_STANDARD_LIBRARIES = YES;
				CODE_SIGN_STYLE = Automatic;
				CURRENT_PROJECT_VERSION = 1;
				DEVELOPMENT_TEAM = 4S3J7NRC9R;
				GENERATE_INFOPLIST_FILE = YES;
				MARKETING_VERSION = 1.0;
				PRODUCT_BUNDLE_IDENTIFIER = com.roya1v.GenericsAppUITests;
				PRODUCT_NAME = "$(TARGET_NAME)";
				SWIFT_EMIT_LOC_STRINGS = NO;
				SWIFT_VERSION = 5.0;
				TARGETED_DEVICE_FAMILY = "1,2";
				TEST_TARGET_NAME = GenericsApp;
			};
			name = Release;
		};
/* End XCBuildConfiguration section */

/* Begin XCConfigurationList section */
		ECD845A0298AE51D0036454C /* Build configuration list for PBXProject "GenericsApp" */ = {
			isa = XCConfigurationList;
			buildConfigurations = (
				ECD845C7298AE51E0036454C /* Debug */,
				ECD845C8298AE51E0036454C /* Release */,
			);
			defaultConfigurationIsVisible = 0;
			defaultConfigurationName = Release;
		};
		ECD845C9298AE51E0036454C /* Build configuration list for PBXNativeTarget "GenericsApp" */ = {
			isa = XCConfigurationList;
			buildConfigurations = (
				ECD845CA298AE51E0036454C /* Debug */,
				ECD845CB298AE51E0036454C /* Release */,
			);
			defaultConfigurationIsVisible = 0;
			defaultConfigurationName = Release;
		};
		ECD845CC298AE51E0036454C /* Build configuration list for PBXNativeTarget "GenericsAppTests" */ = {
			isa = XCConfigurationList;
			buildConfigurations = (
				ECD845CD298AE51E0036454C /* Debug */,
				ECD845CE298AE51E0036454C /* Release */,
			);
			defaultConfigurationIsVisible = 0;
			defaultConfigurationName = Release;
		};
		ECD845CF298AE51E0036454C /* Build configuration list for PBXNativeTarget "GenericsAppUITests" */ = {
			isa = XCConfigurationList;
			buildConfigurations = (
				ECD845D0298AE51E0036454C /* Debug */,
				ECD845D1298AE51E0036454C /* Release */,
			);
			defaultConfigurationIsVisible = 0;
			defaultConfigurationName = Release;
		};
/* End XCConfigurationList section */

/* Begin XCRemoteSwiftPackageReference section */
		EC14E821298C515E00A6540C /* XCRemoteSwiftPackageReference "Factory" */ = {
			isa = XCRemoteSwiftPackageReference;
			repositoryURL = "https://github.com/hmlongco/Factory";
			requirement = {
				kind = upToNextMajorVersion;
				minimumVersion = 1.0.0;
			};
		};
/* End XCRemoteSwiftPackageReference section */

/* Begin XCSwiftPackageProductDependency section */
		EC14E822298C515E00A6540C /* Factory */ = {
			isa = XCSwiftPackageProductDependency;
			package = EC14E821298C515E00A6540C /* XCRemoteSwiftPackageReference "Factory" */;
			productName = Factory;
		};
/* End XCSwiftPackageProductDependency section */
	};
	rootObject = ECD8459D298AE51D0036454C /* Project object */;
}
